
Microsoft Visual Studio Solution File, Format Version 12.00
# Visual Studio 2013
VisualStudioVersion = 12.0.21005.1
MinimumVisualStudioVersion = 10.0.40219.1
Project("{2150E333-8FDC-42A3-9474-1A3956D46DE8}") = "Solution Items", "Solution Items", "{969402F9-56B0-4CA0-B515-515DEDA859E7}"
	ProjectSection(SolutionItems) = preProject
		inc.h = inc.h
		Others.txt = Others.txt
	EndProjectSection
EndProject
Project("{8BC9CEB8-8B4A-11D0-8D11-00A0C91BC942}") = "calculator", "calculator\calculator.vcxproj", "{02C7533E-6548-46DE-B4D4-50CD41D630B6}"
EndProject
Project("{8BC9CEB8-8B4A-11D0-8D11-00A0C91BC942}") = "tiles word", "tiles word\tiles word.vcxproj", "{58CDF808-CDCD-4494-AFA3-2CAB9D3FCE54}"
EndProject
Project("{8BC9CEB8-8B4A-11D0-8D11-00A0C91BC942}") = "triangle", "triangle\triangle.vcxproj", "{5685752B-9F54-4ED0-9F9C-3322710B483D}"
EndProject
Project("{8BC9CEB8-8B4A-11D0-8D11-00A0C91BC942}") = "Kth min", "Kth min\Kth min.vcxproj", "{3102754A-9444-403D-B679-EF6C1806F70C}"
EndProject
Project("{8BC9CEB8-8B4A-11D0-8D11-00A0C91BC942}") = "water range", "water range\water range.vcxproj", "{9EBF8C21-EEBB-40DA-896D-EE5D6A7CEA36}"
EndProject
Project("{8BC9CEB8-8B4A-11D0-8D11-00A0C91BC942}") = "matrix gcd", "matrix gcd\matrix gcd.vcxproj", "{9F3FB844-6B10-495C-9A22-60786C11EE07}"
EndProject
Project("{8BC9CEB8-8B4A-11D0-8D11-00A0C91BC942}") = "denominations", "denominations\denominations.vcxproj", "{59BFDEA8-EB2C-4CF8-8BC4-98610FA14D3A}"
EndProject
Project("{8BC9CEB8-8B4A-11D0-8D11-00A0C91BC942}") = "binary add", "binary add\binary add.vcxproj", "{4953783A-62BE-4E20-A667-919093B9DD17}"
EndProject
Project("{8BC9CEB8-8B4A-11D0-8D11-00A0C91BC942}") = "valid string", "valid string\valid string.vcxproj", "{F753D7EA-F047-4BB1-AD9D-8E1A28FFF07F}"
EndProject
Project("{8BC9CEB8-8B4A-11D0-8D11-00A0C91BC942}") = "min distance", "min distance\min distance.vcxproj", "{4AFDC6C6-F1AA-4EF8-AA02-5FB879ED4180}"
EndProject
Project("{8BC9CEB8-8B4A-11D0-8D11-00A0C91BC942}") = "stl_rotate", "stl_rotate\stl_rotate.vcxproj", "{9EC27230-8D2A-4BDC-B653-C6BBBC6F4E97}"
EndProject
Project("{8BC9CEB8-8B4A-11D0-8D11-00A0C91BC942}") = "graph paths", "graph paths\graph paths.vcxproj", "{A732CD3C-0D6A-4402-A730-FC5580D861BD}"
EndProject
Project("{8BC9CEB8-8B4A-11D0-8D11-00A0C91BC942}") = "merge arrays", "merge arrays\merge arrays.vcxproj", "{71524FC1-252D-4982-BA4D-8CC6487BC156}"
EndProject
Project("{8BC9CEB8-8B4A-11D0-8D11-00A0C91BC942}") = "beautiful number", "beautiful number\beautiful number.vcxproj", "{3E9486E8-0DD1-4DA2-8751-F0344C8DED73}"
EndProject
Project("{8BC9CEB8-8B4A-11D0-8D11-00A0C91BC942}") = "remove substring", "remove substring\remove substring.vcxproj", "{98CFBEF5-CB25-46D4-9D5C-A5F45B58B64C}"
EndProject
Project("{8BC9CEB8-8B4A-11D0-8D11-00A0C91BC942}") = "find sum", "find sum\find sum.vcxproj", "{763FC6CD-E13E-4DF2-9F47-782D9DE6BBA1}"
EndProject
Project("{8BC9CEB8-8B4A-11D0-8D11-00A0C91BC942}") = "power set", "power set\power set.vcxproj", "{D1667995-1F8E-44DB-AF08-1AC23DBE0D42}"
EndProject
Project("{8BC9CEB8-8B4A-11D0-8D11-00A0C91BC942}") = "rotated array", "rotated array\rotated array.vcxproj", "{FEBF52E1-5AE2-4813-AFF9-7A31B18D2A5C}"
EndProject
Project("{8BC9CEB8-8B4A-11D0-8D11-00A0C91BC942}") = "square root", "square root\square root.vcxproj", "{A6C2C4EC-1640-4F0F-A6EB-FC2C2916E590}"
EndProject
Project("{8BC9CEB8-8B4A-11D0-8D11-00A0C91BC942}") = "k palindrome", "k palindrome\k palindrome.vcxproj", "{A49C2722-FAFD-4805-947C-8FF8CF6ACB98}"
EndProject
Project("{8BC9CEB8-8B4A-11D0-8D11-00A0C91BC942}") = "leetcode - atoi", "atoi\atoi.vcxproj", "{E49EB4F4-38AC-4BEB-AED9-3DD85C882549}"
EndProject
Project("{8BC9CEB8-8B4A-11D0-8D11-00A0C91BC942}") = "leetcode - eval", "leetcode - eval\leetcode - eval.vcxproj", "{0347710A-E01C-4CDB-BF26-743CC2CC3F24}"
EndProject
Project("{8BC9CEB8-8B4A-11D0-8D11-00A0C91BC942}") = "leetcode - Max Points on a Line", "leetcode - Max Points on a Line\leetcode - Max Points on a Line.vcxproj", "{4F3CD05D-53CC-41E9-9775-4CE6B7B75CEB}"
EndProject
Project("{8BC9CEB8-8B4A-11D0-8D11-00A0C91BC942}") = "leetcode - Sort List", "leetcode - Sort List\leetcode - Sort List.vcxproj", "{B4428437-52BF-4C36-AA59-F6E714C6DE93}"
EndProject
Project("{8BC9CEB8-8B4A-11D0-8D11-00A0C91BC942}") = "leetcode - Insertion Sort List", "Insertion Sort List\Insertion Sort List.vcxproj", "{3676B0FA-1E60-4CCF-99AD-EDCFB3AD8277}"
EndProject
Project("{8BC9CEB8-8B4A-11D0-8D11-00A0C91BC942}") = "leetcode - Single Number", "leetcode - Single Number\leetcode - Single Number.vcxproj", "{C9444506-D127-4E11-ABC2-E73A6648A839}"
EndProject
Project("{8BC9CEB8-8B4A-11D0-8D11-00A0C91BC942}") = "leetcode - Candy", "leetcode - Candy\leetcode - Candy.vcxproj", "{812FB944-7EA4-4F2A-B47F-FC457E3FF56B}"
EndProject
Project("{8BC9CEB8-8B4A-11D0-8D11-00A0C91BC942}") = "leetcode - Gas Station", "leetcode - Gas Station\leetcode - Gas Station.vcxproj", "{E850D19B-231A-4FEC-8F3A-19511F4BC98E}"
EndProject
Project("{8BC9CEB8-8B4A-11D0-8D11-00A0C91BC942}") = "leetcode - Clone Graph", "leetcode - Clone Graph\leetcode - Clone Graph.vcxproj", "{E10C3484-2E4C-49F9-A391-E1A91AB01B91}"
EndProject
Project("{8BC9CEB8-8B4A-11D0-8D11-00A0C91BC942}") = "leetcode - Palindrome Partitioning", "leetcode - Palindrome Partitioning\leetcode - Palindrome Partitioning.vcxproj", "{EC5523B4-A373-4828-B554-F93EE1901835}"
EndProject
Project("{8BC9CEB8-8B4A-11D0-8D11-00A0C91BC942}") = "leetcode - Maximum Depth of Binary Tree", "leetcode - Maximum Depth of Binary Tree\leetcode - Maximum Depth of Binary Tree.vcxproj", "{EC8AA794-47D5-4021-B155-BFDD635BAFBB}"
EndProject
Project("{8BC9CEB8-8B4A-11D0-8D11-00A0C91BC942}") = "leetcode - Same Tree", "leetcode - Same Tree\leetcode - Same Tree.vcxproj", "{D38173B0-D3F2-46A8-93D3-D90B02025F03}"
EndProject
Project("{8BC9CEB8-8B4A-11D0-8D11-00A0C91BC942}") = "leetcode - Reverse Integer", "leetcode - Reverse Integer\leetcode - Reverse Integer.vcxproj", "{3D33ADB0-8736-4434-944C-66D6C3ADF5BD}"
EndProject
Project("{8BC9CEB8-8B4A-11D0-8D11-00A0C91BC942}") = "leetcode - Unique Binary Search Trees", "leetcode - Unique Binary Search Trees\leetcode - Unique Binary Search Trees.vcxproj", "{996F8705-FEA7-42CD-A8C7-E517C8FCC133}"
EndProject
Project("{8BC9CEB8-8B4A-11D0-8D11-00A0C91BC942}") = "leetcode - Permutations", "leetcode - Permutations\leetcode - Permutations.vcxproj", "{5DCA1A99-F644-4219-A305-270ECF54941B}"
EndProject
Project("{8BC9CEB8-8B4A-11D0-8D11-00A0C91BC942}") = "leetcode - Sort Colors", "leetcode - Sort Colors\leetcode - Sort Colors.vcxproj", "{D46C4BCF-385D-4C73-B1B0-FCFF9D7260E0}"
EndProject
Project("{8BC9CEB8-8B4A-11D0-8D11-00A0C91BC942}") = "leetcode - Set Matrix Zeroes", "leetcode - Set Matrix Zeroes\leetcode - Set Matrix Zeroes.vcxproj", "{C01AB69B-4FB0-4782-9152-DA7A919EDAA8}"
EndProject
Project("{8BC9CEB8-8B4A-11D0-8D11-00A0C91BC942}") = "leetcode - Plus One", "leetcode - Plus One\leetcode - Plus One.vcxproj", "{B0C88E58-2C7C-4441-9897-7000FE92C019}"
EndProject
Project("{8BC9CEB8-8B4A-11D0-8D11-00A0C91BC942}") = "leetcode - Search a 2D Matrix", "leetcode - Search a 2D Matrix\leetcode - Search a 2D Matrix.vcxproj", "{D5F4D80B-5176-4409-9622-80A2FAD508D5}"
EndProject
Project("{8BC9CEB8-8B4A-11D0-8D11-00A0C91BC942}") = "leetcode - Container With Most Water", "leetcode - Container With Most Water\leetcode - Container With Most Water.vcxproj", "{E85720A9-02B7-4149-93C4-4A4F7E06BEBB}"
EndProject
Project("{8BC9CEB8-8B4A-11D0-8D11-00A0C91BC942}") = "leetcode - Combinations", "leetcode - Combinations\leetcode - Combinations.vcxproj", "{31FA72D2-B2D2-448B-9763-51A586879A20}"
EndProject
Project("{8BC9CEB8-8B4A-11D0-8D11-00A0C91BC942}") = "leetcode - Remove Nth Node From End of List", "leetcode - Remove Nth Node From End of List\leetcode - Remove Nth Node From End of List.vcxproj", "{6FF992C4-947E-49F6-80D7-6D6B902E9071}"
EndProject
Project("{8BC9CEB8-8B4A-11D0-8D11-00A0C91BC942}") = "leetcode - Path Sum", "leetcode - Path Sum\leetcode - Path Sum.vcxproj", "{FA0B80ED-AEB4-427F-BDA7-606723E856CD}"
EndProject
Project("{8BC9CEB8-8B4A-11D0-8D11-00A0C91BC942}") = "leetcode - Spiral Matrix", "leetcode - Spiral Matrix\leetcode - Spiral Matrix.vcxproj", "{8F5AE5EB-AD2E-4CEC-8368-4D7D41635B8E}"
EndProject
Project("{8BC9CEB8-8B4A-11D0-8D11-00A0C91BC942}") = "leetcode - Pascal's Triangle II", "leetcode - Pascal's Triangle II\leetcode - Pascal's Triangle II.vcxproj", "{7EEAFCE3-EDAC-45D4-BDEC-85D1787FFD2F}"
EndProject
Project("{8BC9CEB8-8B4A-11D0-8D11-00A0C91BC942}") = "leetcode - Palindrome Number", "leetcode - Palindrome Number\leetcode - Palindrome Number.vcxproj", "{74900A63-0FAD-4CEA-8433-C78B11F4C8C9}"
EndProject
Project("{8BC9CEB8-8B4A-11D0-8D11-00A0C91BC942}") = "leetcode - Search in Rotated Sorted Array", "leetcode - Search in Rotated Sorted Array\leetcode - Search in Rotated Sorted Array.vcxproj", "{835BE2F4-11A6-4ABC-9BBF-368E68AD08AF}"
EndProject
Project("{8BC9CEB8-8B4A-11D0-8D11-00A0C91BC942}") = "leetcode - Minimum Depth of Binary Tree", "leetcode - Minimum Depth of Binary Tree\leetcode - Minimum Depth of Binary Tree.vcxproj", "{B59BBCF0-BF3F-4873-BF2A-293F73B77B80}"
EndProject
Project("{8BC9CEB8-8B4A-11D0-8D11-00A0C91BC942}") = "leetcode - Sum Root to Leaf Numbers", "leetcode - Sum Root to Leaf Numbers\leetcode - Sum Root to Leaf Numbers.vcxproj", "{F6867858-2359-438D-8DBA-57C97CD159AD}"
EndProject
Project("{8BC9CEB8-8B4A-11D0-8D11-00A0C91BC942}") = "leetcode - Valid Parentheses", "leetcode - Valid Parentheses\leetcode - Valid Parentheses.vcxproj", "{51E7DA26-927F-44A4-A88B-D9BE09978418}"
EndProject
Project("{8BC9CEB8-8B4A-11D0-8D11-00A0C91BC942}") = "leetcode - Trapping Rain Water", "leetcode - Trapping Rain Water\leetcode - Trapping Rain Water.vcxproj", "{01204870-7697-4E3D-9A93-045468FB59E2}"
EndProject
Project("{8BC9CEB8-8B4A-11D0-8D11-00A0C91BC942}") = "leetcode - 3Sum Closest", "leetcode - 3Sum Closest\leetcode - 3Sum Closest.vcxproj", "{939564FA-FEA6-4D04-8A3D-A7DE0A3AA2B8}"
EndProject
Project("{8BC9CEB8-8B4A-11D0-8D11-00A0C91BC942}") = "leetcode - Subsets", "leetcode - Subsets\leetcode - Subsets.vcxproj", "{D39C9EE7-F74D-4E16-B75F-C354E0B3A915}"
EndProject
Project("{8BC9CEB8-8B4A-11D0-8D11-00A0C91BC942}") = "leetcode - Length of Last Word", "leetcode - Length of Last Word\leetcode - Length of Last Word.vcxproj", "{6B4BBDB9-E85B-4DFE-8309-C58357420E7D}"
EndProject
Project("{8BC9CEB8-8B4A-11D0-8D11-00A0C91BC942}") = "leetcode - Longest Common Prefix", "leetcode - Longest Common Prefix\leetcode - Longest Common Prefix.vcxproj", "{8D39171B-8767-4553-8AAD-9FC4A20CC70E}"
EndProject
Project("{8BC9CEB8-8B4A-11D0-8D11-00A0C91BC942}") = "leetcode - Convert Sorted List to Binary Search Tree", "leetcode - Convert Sorted List to Binary Search Tree\leetcode - Convert Sorted List to Binary Search Tree.vcxproj", "{53A21C22-6328-4D3A-928B-1BCABBAA070C}"
EndProject
Project("{8BC9CEB8-8B4A-11D0-8D11-00A0C91BC942}") = "leetcode - Search for a Range", "leetcode - Search for a Range\leetcode - Search for a Range.vcxproj", "{22919FDF-4BF7-4BE4-9C26-46C5CAFC1C58}"
EndProject
Project("{8BC9CEB8-8B4A-11D0-8D11-00A0C91BC942}") = "leetcode - Jump Game", "leetcode - Jump Game\leetcode - Jump Game.vcxproj", "{8F22958D-507F-4DA8-8731-8D82EFA47372}"
EndProject
Project("{8BC9CEB8-8B4A-11D0-8D11-00A0C91BC942}") = "leetcode - Valid Sudoku", "leetcode - Valid Sudoku\leetcode - Valid Sudoku.vcxproj", "{792DDEC7-7CE6-4A11-9D74-DA0148CBB4EA}"
EndProject
Project("{8BC9CEB8-8B4A-11D0-8D11-00A0C91BC942}") = "leetcode - Sudoku Solver", "leetcode - Sudoku Solver\leetcode - Sudoku Solver.vcxproj", "{692A5C65-A5BF-4612-8CB8-6933B3BC55A4}"
EndProject
Project("{8BC9CEB8-8B4A-11D0-8D11-00A0C91BC942}") = "leetcode - N-Queens", "leetcode - N-Queens\leetcode - N-Queens.vcxproj", "{CF07979F-0CEE-481B-ADC3-103C547C2D2E}"
EndProject
Project("{8BC9CEB8-8B4A-11D0-8D11-00A0C91BC942}") = "leetcode - First Missing Positive", "leetcode - First Missing Positive\leetcode - First Missing Positive.vcxproj", "{0C006B6A-2C8B-469C-A5CE-C17D795D67F0}"
EndProject
Project("{8BC9CEB8-8B4A-11D0-8D11-00A0C91BC942}") = "leetcode - Longest Palindromic Substring", "leetcode - Longest Palindromic Substring\leetcode - Longest Palindromic Substring.vcxproj", "{BB5D5DC1-CE32-44B5-9CA0-9E875BE17B30}"
EndProject
Project("{8BC9CEB8-8B4A-11D0-8D11-00A0C91BC942}") = "leetcode - Maximal Rectangle", "leetcode - Maximal Rectangle\leetcode - Maximal Rectangle.vcxproj", "{973405A8-D8C5-4588-98E7-E050FF7D3EED}"
EndProject
Project("{8BC9CEB8-8B4A-11D0-8D11-00A0C91BC942}") = "leetcode - Largest Rectangle in Histogram", "leetcode - Largest Rectangle in Histogram\leetcode - Largest Rectangle in Histogram.vcxproj", "{AB049058-9B6A-4146-98E2-3EC41C299A0E}"
EndProject
Project("{8BC9CEB8-8B4A-11D0-8D11-00A0C91BC942}") = "leetcode - Scramble String", "leetcode - Scramble String\leetcode - Scramble String.vcxproj", "{9B5B4C3D-1C71-48F8-A69F-097054767000}"
EndProject
Project("{8BC9CEB8-8B4A-11D0-8D11-00A0C91BC942}") = "leetcode - Insert Interval", "leetcode - Insert Interval\leetcode - Insert Interval.vcxproj", "{BCFD36FC-3F9A-477A-8E62-313BD0BC89C1}"
EndProject
Project("{8BC9CEB8-8B4A-11D0-8D11-00A0C91BC942}") = "leetcode - Implement strStr", "leetcode - Implement strStr\leetcode - Implement strStr.vcxproj", "{8F75D298-5C4F-42E1-827C-1B8001B24BE9}"
EndProject
Project("{8BC9CEB8-8B4A-11D0-8D11-00A0C91BC942}") = "leetcode - Merge Intervals", "leetcode - Merge Intervals\leetcode - Merge Intervals.vcxproj", "{D204182F-D987-4264-95AE-AFD70B5E4347}"
EndProject
Project("{8BC9CEB8-8B4A-11D0-8D11-00A0C91BC942}") = "leetcode - Restore IP Addresses", "leetcode - Restore IP Addresses\leetcode - Restore IP Addresses.vcxproj", "{2C2C871A-1C5B-4D84-A0EB-E78E045E0693}"
EndProject
Project("{8BC9CEB8-8B4A-11D0-8D11-00A0C91BC942}") = "leetcode - Word Search", "leetcode - Word Search\leetcode - Word Search.vcxproj", "{80822CC3-425D-4EBD-8AE9-C39453F33467}"
EndProject
Project("{8BC9CEB8-8B4A-11D0-8D11-00A0C91BC942}") = "leetcode - Regular Expression Matching", "leetcode - Regular Expression Matching\leetcode - Regular Expression Matching.vcxproj", "{78989A87-D542-491E-8BBC-474134139AA9}"
EndProject
Project("{8BC9CEB8-8B4A-11D0-8D11-00A0C91BC942}") = "leetcode - Median of Two Sorted Arrays", "leetcode - Median of Two Sorted Arrays\leetcode - Median of Two Sorted Arrays.vcxproj", "{717C1934-D2BA-435C-AC9D-0C8EF9BB3A1E}"
EndProject
Project("{8BC9CEB8-8B4A-11D0-8D11-00A0C91BC942}") = "leetcode - Word Ladder", "leetcode - Word Ladder\leetcode - Word Ladder.vcxproj", "{1C19D301-84FC-46F1-B44E-9ACEEC1F77E2}"
EndProject
Project("{8BC9CEB8-8B4A-11D0-8D11-00A0C91BC942}") = "De Bruijn sequence", "De Bruijn sequence\De Bruijn sequence.vcxproj", "{39B4B550-C07F-4530-A032-8658D8418DFC}"
EndProject
Project("{8BC9CEB8-8B4A-11D0-8D11-00A0C91BC942}") = "dictionary replace", "dictionary replace\dictionary replace.vcxproj", "{5A03C50F-BE09-41B6-8772-1865C5B762E3}"
EndProject
Project("{8BC9CEB8-8B4A-11D0-8D11-00A0C91BC942}") = "max number in stream", "max number in stream\max number in stream.vcxproj", "{35E0B241-383E-4F94-9515-DBA8FCA922AF}"
EndProject
Project("{8BC9CEB8-8B4A-11D0-8D11-00A0C91BC942}") = "repeated sequence in stream", "repeated sequence in stream\repeated sequence in stream.vcxproj", "{F118019D-2601-4BBA-A871-506969121E83}"
EndProject
Project("{8BC9CEB8-8B4A-11D0-8D11-00A0C91BC942}") = "string of repeat pattern", "string of repeat pattern\string of repeat pattern.vcxproj", "{09B8F731-B5F9-4A62-84E1-AEFAFE743136}"
EndProject
Project("{8BC9CEB8-8B4A-11D0-8D11-00A0C91BC942}") = "Stack or Queue that Support Push Pop and GetMin in Constant Time", "Stack or Queue that Support Push Pop and GetMin in Constant Time\Stack or Queue that Support Push Pop and GetMin in Constant Time.vcxproj", "{86165B73-A071-49EF-9B88-BFBCB25BE701}"
EndProject
Project("{8BC9CEB8-8B4A-11D0-8D11-00A0C91BC942}") = "leetcode-3Sum", "leetcode-3Sum\leetcode-3Sum.vcxproj", "{5481AB20-D1EF-49FF-B4B6-9A8447E2BECE}"
EndProject
Project("{8BC9CEB8-8B4A-11D0-8D11-00A0C91BC942}") = "leetcode-Binary_Tree_Inorder_Traversal", "leetcode-Binary_Tree_Inorder_Traversal\leetcode-Binary_Tree_Inorder_Traversal.vcxproj", "{DF019C7E-A529-4362-858E-4A20E78692F6}"
EndProject
Project("{8BC9CEB8-8B4A-11D0-8D11-00A0C91BC942}") = "leetcode-Binary_Tree_Postorder_Traversal", "leetcode-Binary_Tree_Postorder_Traversal\leetcode-Binary_Tree_Postorder_Traversal.vcxproj", "{309CC1EA-D55E-4859-B19B-5048FFDB4B4E}"
EndProject
Project("{8BC9CEB8-8B4A-11D0-8D11-00A0C91BC942}") = "leetcode-Binary_Tree_Level_Order_Traversal", "leetcode-Binary_Tree_Level_Order_Traversal\leetcode-Binary_Tree_Level_Order_Traversal.vcxproj", "{394A092D-4136-4BA7-A6AA-A27C46B00701}"
EndProject
Project("{8BC9CEB8-8B4A-11D0-8D11-00A0C91BC942}") = "leetcode-Binary_Tree_Maximum_Path_Sum", "leetcode-Binary_Tree_Maximum_Path_Sum\leetcode-Binary_Tree_Maximum_Path_Sum.vcxproj", "{0B825D3B-BCA3-40CA-9418-B647EA945D34}"
EndProject
Project("{8BC9CEB8-8B4A-11D0-8D11-00A0C91BC942}") = "Minimal Hitting Set", "Minimal Hitting Set\Minimal Hitting Set.vcxproj", "{B4145FBB-BD8C-4170-9C74-B42092C32FC8}"
EndProject
Project("{8BC9CEB8-8B4A-11D0-8D11-00A0C91BC942}") = "median of integer stream", "median of integer stream\median of integer stream.vcxproj", "{783CC5F9-171E-4252-905E-E1B7648D9F09}"
EndProject
Project("{8BC9CEB8-8B4A-11D0-8D11-00A0C91BC942}") = "leetcode-Interleaving_String", "leetcode-Interleaving_String\leetcode-Interleaving_String.vcxproj", "{C4FF1EF6-EF8C-460A-AD43-F0B39A4E6EA8}"
EndProject
Project("{8BC9CEB8-8B4A-11D0-8D11-00A0C91BC942}") = "Longest Increasing Subsequence", "Longest Increasing Subsequence\Longest Increasing Subsequence.vcxproj", "{E5D1BBD3-4EB8-46FF-802C-131C4CC8618F}"
EndProject
Project("{8BC9CEB8-8B4A-11D0-8D11-00A0C91BC942}") = "topcoder - ZigZag", "topcoder - ZigZag\topcoder - ZigZag.vcxproj", "{E3B8B30C-2C61-4AF6-BF60-41812CB3445F}"
EndProject
Project("{8BC9CEB8-8B4A-11D0-8D11-00A0C91BC942}") = "topcoder - BadNeighbors", "topcoder - BadNeighbors\topcoder - BadNeighbors.vcxproj", "{B1E00C89-6621-4AED-8D02-65EAF4251762}"
EndProject
Project("{8BC9CEB8-8B4A-11D0-8D11-00A0C91BC942}") = "collect apples", "collect apples\collect apples.vcxproj", "{70538692-DB0D-4A3E-A5E4-C39CD5DB86F1}"
EndProject
Project("{8BC9CEB8-8B4A-11D0-8D11-00A0C91BC942}") = "topcoder -  AvoidRoads", "topcoder -  AvoidRoads\topcoder -  AvoidRoads.vcxproj", "{911BFDBC-920D-4629-BE2E-8D0AC94DB925}"
EndProject
Project("{8BC9CEB8-8B4A-11D0-8D11-00A0C91BC942}") = "topcoder - ChessMetric", "topcoder - ChessMetric\topcoder - ChessMetric.vcxproj", "{F3C889D9-4040-4078-A448-8D0E9F589D17}"
EndProject
Project("{8BC9CEB8-8B4A-11D0-8D11-00A0C91BC942}") = "leetcode-Longest_Valid_Parentheses", "leetcode-Longest_Valid_Parentheses\leetcode-Longest_Valid_Parentheses.vcxproj", "{4BDA850D-992E-441A-B5CE-C21C79D93527}"
EndProject
Project("{8BC9CEB8-8B4A-11D0-8D11-00A0C91BC942}") = "leetcode-Minimum_Path_Sum", "leetcode-Minimum_Path_Sum\leetcode-Minimum_Path_Sum.vcxproj", "{061E6309-098F-479C-9A77-9A423A56EA85}"
EndProject
Project("{8BC9CEB8-8B4A-11D0-8D11-00A0C91BC942}") = "leetcode-Pow", "leetcode-Pow\leetcode-Pow.vcxproj", "{96E87AE0-B566-4381-8AFD-25409EE07369}"
EndProject
Project("{8BC9CEB8-8B4A-11D0-8D11-00A0C91BC942}") = "leetcode-Wildcard_Matching", "leetcode-Wildcard_Matching\leetcode-Wildcard_Matching.vcxproj", "{437CCB78-306B-4487-8B21-32680769B79A}"
EndProject
Project("{8BC9CEB8-8B4A-11D0-8D11-00A0C91BC942}") = "leetcode-Word_Break", "leetcode-Word_Break\leetcode-Word_Break.vcxproj", "{D37C77F4-7094-4F43-807C-AF71D11F631A}"
EndProject
Project("{8BC9CEB8-8B4A-11D0-8D11-00A0C91BC942}") = "codility - Monotonic Pair", "codility - Monotonic Pair\codility - Monotonic Pair.vcxproj", "{F48C34D8-2B6A-43CA-BC2F-BA94AEE42322}"
EndProject
Project("{8BC9CEB8-8B4A-11D0-8D11-00A0C91BC942}") = "codility - Tape Equilibrium", "codility - Tape Equilibrium\codility - Tape Equilibrium.vcxproj", "{58CC4B28-18DB-439D-8DFB-76809B70DEE1}"
EndProject
Project("{8BC9CEB8-8B4A-11D0-8D11-00A0C91BC942}") = "codility - PermMissingElem", "codility - PermMissingElem\codility - PermMissingElem.vcxproj", "{B704E1A9-A649-47F2-B65C-F6233858BE0D}"
EndProject
Project("{8BC9CEB8-8B4A-11D0-8D11-00A0C91BC942}") = "codility - PermCheck", "codility - PermCheck\codility - PermCheck.vcxproj", "{A89D2C70-40EF-4BE7-9F11-2A4BBBCE0E64}"
EndProject
Project("{8BC9CEB8-8B4A-11D0-8D11-00A0C91BC942}") = "codility - FrogRiverOne", "codility - FrogRiverOne\codility - FrogRiverOne.vcxproj", "{867213B4-9538-4EFB-AB1D-A855A1AA716F}"
EndProject
Project("{8BC9CEB8-8B4A-11D0-8D11-00A0C91BC942}") = "codility - MaxCounters", "codility - MaxCounters\codility - MaxCounters.vcxproj", "{6C5C8AFE-2270-425C-BF22-BE3FDC6BB723}"
EndProject
Project("{8BC9CEB8-8B4A-11D0-8D11-00A0C91BC942}") = "codility - PassingCars", "codility - PassingCars\codility - PassingCars.vcxproj", "{7B9FC4AA-6EC7-44BC-A7AE-917B0B5631A6}"
EndProject
Project("{8BC9CEB8-8B4A-11D0-8D11-00A0C91BC942}") = "codility - GenomicRangeQuery", "codility - GenomicRangeQuery\codility - GenomicRangeQuery.vcxproj", "{F62D5130-5B04-43FA-B35A-05E10D9FE6B8}"
EndProject
Project("{8BC9CEB8-8B4A-11D0-8D11-00A0C91BC942}") = "codility - MinAvgTwoSlice", "codility - MinAvgTwoSlice\codility - MinAvgTwoSlice.vcxproj", "{C5E91234-67CB-4B98-9533-40010D90D415}"
EndProject
Project("{2150E333-8FDC-42A3-9474-1A3956D46DE8}") = "docs", "docs", "{90DAA0BE-7DC9-4D74-B1CB-E93ABF702140}"
	ProjectSection(SolutionItems) = preProject
		docs\Assignment Problem and Hungarian algorithm.pdf = docs\Assignment Problem and Hungarian algorithm.pdf
		docs\Binary Indexed Trees.pdf = docs\Binary Indexed Trees.pdf
		docs\Comparison-based Lower Bounds for Sorting.pdf = docs\Comparison-based Lower Bounds for Sorting.pdf
		docs\Dynamic Programming From novice to advanced.pdf = docs\Dynamic Programming From novice to advanced.pdf
	EndProjectSection
EndProject
Project("{8BC9CEB8-8B4A-11D0-8D11-00A0C91BC942}") = "Balanced Partition", "Balanced Partition\Balanced Partition.vcxproj", "{358F4209-61BF-4271-9B73-65DB22CF037B}"
EndProject
Project("{8BC9CEB8-8B4A-11D0-8D11-00A0C91BC942}") = "Box Stacking", "Box Stacking\Box Stacking.vcxproj", "{99E8B6A6-BAA4-440D-8B75-B300076564D3}"
EndProject
Project("{8BC9CEB8-8B4A-11D0-8D11-00A0C91BC942}") = "Building Bridges", "Building Bridges\Building Bridges.vcxproj", "{2B3B52A2-9DFD-4345-8E17-9E07DA3578B5}"
EndProject
Project("{8BC9CEB8-8B4A-11D0-8D11-00A0C91BC942}") = "google - sum of square numbers", "google - sum of square numbers\google - sum of square numbers.vcxproj", "{5B91D847-C476-419B-82F5-E7DEFB249706}"
EndProject
Project("{8BC9CEB8-8B4A-11D0-8D11-00A0C91BC942}") = "hackerrank - Utopian Tree", "hackerrank - Utopian Tree\hackerrank - Utopian Tree.vcxproj", "{162AD29C-EB56-4CA0-AF87-EACCD5A536A7}"
EndProject
Project("{8BC9CEB8-8B4A-11D0-8D11-00A0C91BC942}") = "hackerrank - Service Lane", "hackerrank - Service Lane\hackerrank - Service Lane.vcxproj", "{99B86524-F425-44B4-B36A-B76E20227F07}"
EndProject
Project("{8BC9CEB8-8B4A-11D0-8D11-00A0C91BC942}") = "hackerrank - Is Fibo", "hackerrank - Is Fibo\hackerrank - Is Fibo.vcxproj", "{6732805A-BC45-4D55-AAC6-164A75D84406}"
EndProject
Project("{8BC9CEB8-8B4A-11D0-8D11-00A0C91BC942}") = "hackerrank - Angry Children", "hackerrank - Angry Children\hackerrank - Angry Children.vcxproj", "{CBE3C56B-8167-4037-B331-9488BCA6B5D5}"
EndProject
Project("{8BC9CEB8-8B4A-11D0-8D11-00A0C91BC942}") = "hackerrank - Sherlock and The Beast", "hackerrank - Sherlock and The Beast\hackerrank - Sherlock and The Beast.vcxproj", "{C86BA713-0517-41D8-93E4-C09BB1CA564A}"
EndProject
Project("{8BC9CEB8-8B4A-11D0-8D11-00A0C91BC942}") = "hackerrank - Insertion Sort Advanced Analysis", "hackerrank - Insertion Sort Advanced Analysis\hackerrank - Insertion Sort Advanced Analysis.vcxproj", "{FDFDA359-377C-44C3-905A-7B30B1C56CD5}"
EndProject
Project("{8BC9CEB8-8B4A-11D0-8D11-00A0C91BC942}") = "hackerrank - Two arrays", "hackerrank - Two arrays\hackerrank - Two arrays.vcxproj", "{2242037F-6943-4054-B609-CBD2B37CF5E5}"
EndProject
Project("{8BC9CEB8-8B4A-11D0-8D11-00A0C91BC942}") = "hackerrank - Closest Numbers", "hackerrank - Closest Numbers\hackerrank - Closest Numbers.vcxproj", "{406253A0-795D-45C1-8842-2DF92586E985}"
EndProject
Project("{8BC9CEB8-8B4A-11D0-8D11-00A0C91BC942}") = "hackerrank - Chocolate Feast", "hackerrank - Chocolate Feast\hackerrank - Chocolate Feast.vcxproj", "{E9F08F27-DE3D-4CD9-A2DB-E8E2E92AB985}"
EndProject
Project("{8BC9CEB8-8B4A-11D0-8D11-00A0C91BC942}") = "hackerrank - Red John is Back", "hackerrank - Red John is Back\hackerrank - Red John is Back.vcxproj", "{5DCB8363-F728-42CE-9905-305E7FD815CA}"
EndProject
Project("{8BC9CEB8-8B4A-11D0-8D11-00A0C91BC942}") = "hackerrank - Find Digits", "hackerrank - Find Digits\hackerrank - Find Digits.vcxproj", "{1B3EDFB3-9D1A-4A60-93E1-1CE83042854A}"
EndProject
Project("{8BC9CEB8-8B4A-11D0-8D11-00A0C91BC942}") = "hackerrank - Median", "hackerrank - Median\hackerrank - Median.vcxproj", "{7A0AB4AE-EFF9-4EF1-A56C-465D168C7510}"
EndProject
Project("{8BC9CEB8-8B4A-11D0-8D11-00A0C91BC942}") = "hackerrank - Queens on Board TODO", "hackerrank - Queens on Board\hackerrank - Queens on Board.vcxproj", "{B8A87420-A1BE-4480-9959-74AE76357965}"
EndProject
Project("{8BC9CEB8-8B4A-11D0-8D11-00A0C91BC942}") = "codility - First Unique Number in Array", "codility - First Unique Number in Array\codility - First Unique Number in Array.vcxproj", "{EF2496F7-EDF0-49ED-A8DD-E2C46E92D29A}"
EndProject
Project("{8BC9CEB8-8B4A-11D0-8D11-00A0C91BC942}") = "codility - Slices Sum to 0", "codility - Slices Sum to 0\codility - Slices Sum to 0.vcxproj", "{1CA960F9-4364-4497-BEE2-A351BC00CE12}"
EndProject
Project("{8BC9CEB8-8B4A-11D0-8D11-00A0C91BC942}") = "codility - Base of -2", "codility - Base of -2\codility - Base of -2.vcxproj", "{0340DA57-3A8F-4740-80D0-148AE21A3E8E}"
EndProject
Project("{8BC9CEB8-8B4A-11D0-8D11-00A0C91BC942}") = "hackerrank - Volleyball Match", "hackerrank - Volleyball Match\hackerrank - Volleyball Match.vcxproj", "{3B91F3B3-8478-44E5-8042-AC62B2BB7A86}"
EndProject
Project("{8BC9CEB8-8B4A-11D0-8D11-00A0C91BC942}") = "google - rebuild BST from preorder sequence", "google - rebuild BST from preorder sequence\google - rebuild BST from preorder sequence.vcxproj", "{F3B6B456-0C67-4532-89BE-C0DC28862C2B}"
EndProject
Project("{8BC9CEB8-8B4A-11D0-8D11-00A0C91BC942}") = "hackerrank - BST maintenance", "hackerrank - BST maintenance\hackerrank - BST maintenance.vcxproj", "{13395A45-68C0-4E92-83B9-AD5B5CE24FC8}"
EndProject
Project("{8BC9CEB8-8B4A-11D0-8D11-00A0C91BC942}") = "hackerrank - Find the Median", "hackerrank - Find the Median\hackerrank - Find the Median.vcxproj", "{16E0113B-535D-445F-81CC-D0E7E1409434}"
EndProject
Project("{8BC9CEB8-8B4A-11D0-8D11-00A0C91BC942}") = "hackerrank - Coin on the Table", "hackerrank - Coin on the Table\hackerrank - Coin on the Table.vcxproj", "{A7A8F9B2-23B8-48AC-AA87-1DF0E0964989}"
EndProject
Project("{8BC9CEB8-8B4A-11D0-8D11-00A0C91BC942}") = "hackerrank - Task Scheduling", "hackerrank - Task Scheduling\hackerrank - Task Scheduling.vcxproj", "{A1EE5543-89B7-4F21-9674-59E59D1C550F}"
EndProject
Project("{8BC9CEB8-8B4A-11D0-8D11-00A0C91BC942}") = "hackerrank - Triplets", "hackerrank - Triplets\hackerrank - Triplets.vcxproj", "{78C5EEC3-BF32-4CD5-B27F-59DF8CE23365}"
EndProject
Project("{8BC9CEB8-8B4A-11D0-8D11-00A0C91BC942}") = "pandigital numbers", "pandigital numbers\pandigital numbers.vcxproj", "{03B9FB52-C7C2-4A7C-B910-D2B1EBE2C6E1}"
EndProject
Project("{8BC9CEB8-8B4A-11D0-8D11-00A0C91BC942}") = "hackerrank - Cut the tree", "hackerrank - Cut the tree\hackerrank - Cut the tree.vcxproj", "{58906D25-3895-47BE-9657-B9F68B2C1684}"
EndProject
Global
	GlobalSection(SolutionConfigurationPlatforms) = preSolution
		Debug|Win32 = Debug|Win32
		Release|Win32 = Release|Win32
	EndGlobalSection
	GlobalSection(ProjectConfigurationPlatforms) = postSolution
		{02C7533E-6548-46DE-B4D4-50CD41D630B6}.Debug|Win32.ActiveCfg = Debug|Win32
		{02C7533E-6548-46DE-B4D4-50CD41D630B6}.Debug|Win32.Build.0 = Debug|Win32
		{02C7533E-6548-46DE-B4D4-50CD41D630B6}.Release|Win32.ActiveCfg = Release|Win32
		{02C7533E-6548-46DE-B4D4-50CD41D630B6}.Release|Win32.Build.0 = Release|Win32
		{58CDF808-CDCD-4494-AFA3-2CAB9D3FCE54}.Debug|Win32.ActiveCfg = Debug|Win32
		{58CDF808-CDCD-4494-AFA3-2CAB9D3FCE54}.Debug|Win32.Build.0 = Debug|Win32
		{58CDF808-CDCD-4494-AFA3-2CAB9D3FCE54}.Release|Win32.ActiveCfg = Release|Win32
		{58CDF808-CDCD-4494-AFA3-2CAB9D3FCE54}.Release|Win32.Build.0 = Release|Win32
		{5685752B-9F54-4ED0-9F9C-3322710B483D}.Debug|Win32.ActiveCfg = Debug|Win32
		{5685752B-9F54-4ED0-9F9C-3322710B483D}.Debug|Win32.Build.0 = Debug|Win32
		{5685752B-9F54-4ED0-9F9C-3322710B483D}.Release|Win32.ActiveCfg = Release|Win32
		{5685752B-9F54-4ED0-9F9C-3322710B483D}.Release|Win32.Build.0 = Release|Win32
		{3102754A-9444-403D-B679-EF6C1806F70C}.Debug|Win32.ActiveCfg = Debug|Win32
		{3102754A-9444-403D-B679-EF6C1806F70C}.Debug|Win32.Build.0 = Debug|Win32
		{3102754A-9444-403D-B679-EF6C1806F70C}.Release|Win32.ActiveCfg = Release|Win32
		{3102754A-9444-403D-B679-EF6C1806F70C}.Release|Win32.Build.0 = Release|Win32
		{9EBF8C21-EEBB-40DA-896D-EE5D6A7CEA36}.Debug|Win32.ActiveCfg = Debug|Win32
		{9EBF8C21-EEBB-40DA-896D-EE5D6A7CEA36}.Debug|Win32.Build.0 = Debug|Win32
		{9EBF8C21-EEBB-40DA-896D-EE5D6A7CEA36}.Release|Win32.ActiveCfg = Release|Win32
		{9EBF8C21-EEBB-40DA-896D-EE5D6A7CEA36}.Release|Win32.Build.0 = Release|Win32
		{9F3FB844-6B10-495C-9A22-60786C11EE07}.Debug|Win32.ActiveCfg = Debug|Win32
		{9F3FB844-6B10-495C-9A22-60786C11EE07}.Debug|Win32.Build.0 = Debug|Win32
		{9F3FB844-6B10-495C-9A22-60786C11EE07}.Release|Win32.ActiveCfg = Release|Win32
		{9F3FB844-6B10-495C-9A22-60786C11EE07}.Release|Win32.Build.0 = Release|Win32
		{59BFDEA8-EB2C-4CF8-8BC4-98610FA14D3A}.Debug|Win32.ActiveCfg = Debug|Win32
		{59BFDEA8-EB2C-4CF8-8BC4-98610FA14D3A}.Debug|Win32.Build.0 = Debug|Win32
		{59BFDEA8-EB2C-4CF8-8BC4-98610FA14D3A}.Release|Win32.ActiveCfg = Release|Win32
		{59BFDEA8-EB2C-4CF8-8BC4-98610FA14D3A}.Release|Win32.Build.0 = Release|Win32
		{4953783A-62BE-4E20-A667-919093B9DD17}.Debug|Win32.ActiveCfg = Debug|Win32
		{4953783A-62BE-4E20-A667-919093B9DD17}.Debug|Win32.Build.0 = Debug|Win32
		{4953783A-62BE-4E20-A667-919093B9DD17}.Release|Win32.ActiveCfg = Release|Win32
		{4953783A-62BE-4E20-A667-919093B9DD17}.Release|Win32.Build.0 = Release|Win32
		{F753D7EA-F047-4BB1-AD9D-8E1A28FFF07F}.Debug|Win32.ActiveCfg = Debug|Win32
		{F753D7EA-F047-4BB1-AD9D-8E1A28FFF07F}.Debug|Win32.Build.0 = Debug|Win32
		{F753D7EA-F047-4BB1-AD9D-8E1A28FFF07F}.Release|Win32.ActiveCfg = Release|Win32
		{F753D7EA-F047-4BB1-AD9D-8E1A28FFF07F}.Release|Win32.Build.0 = Release|Win32
		{4AFDC6C6-F1AA-4EF8-AA02-5FB879ED4180}.Debug|Win32.ActiveCfg = Debug|Win32
		{4AFDC6C6-F1AA-4EF8-AA02-5FB879ED4180}.Debug|Win32.Build.0 = Debug|Win32
		{4AFDC6C6-F1AA-4EF8-AA02-5FB879ED4180}.Release|Win32.ActiveCfg = Release|Win32
		{4AFDC6C6-F1AA-4EF8-AA02-5FB879ED4180}.Release|Win32.Build.0 = Release|Win32
		{9EC27230-8D2A-4BDC-B653-C6BBBC6F4E97}.Debug|Win32.ActiveCfg = Debug|Win32
		{9EC27230-8D2A-4BDC-B653-C6BBBC6F4E97}.Debug|Win32.Build.0 = Debug|Win32
		{9EC27230-8D2A-4BDC-B653-C6BBBC6F4E97}.Release|Win32.ActiveCfg = Release|Win32
		{9EC27230-8D2A-4BDC-B653-C6BBBC6F4E97}.Release|Win32.Build.0 = Release|Win32
		{A732CD3C-0D6A-4402-A730-FC5580D861BD}.Debug|Win32.ActiveCfg = Debug|Win32
		{A732CD3C-0D6A-4402-A730-FC5580D861BD}.Debug|Win32.Build.0 = Debug|Win32
		{A732CD3C-0D6A-4402-A730-FC5580D861BD}.Release|Win32.ActiveCfg = Release|Win32
		{A732CD3C-0D6A-4402-A730-FC5580D861BD}.Release|Win32.Build.0 = Release|Win32
		{71524FC1-252D-4982-BA4D-8CC6487BC156}.Debug|Win32.ActiveCfg = Debug|Win32
		{71524FC1-252D-4982-BA4D-8CC6487BC156}.Debug|Win32.Build.0 = Debug|Win32
		{71524FC1-252D-4982-BA4D-8CC6487BC156}.Release|Win32.ActiveCfg = Release|Win32
		{71524FC1-252D-4982-BA4D-8CC6487BC156}.Release|Win32.Build.0 = Release|Win32
		{3E9486E8-0DD1-4DA2-8751-F0344C8DED73}.Debug|Win32.ActiveCfg = Debug|Win32
		{3E9486E8-0DD1-4DA2-8751-F0344C8DED73}.Debug|Win32.Build.0 = Debug|Win32
		{3E9486E8-0DD1-4DA2-8751-F0344C8DED73}.Release|Win32.ActiveCfg = Release|Win32
		{3E9486E8-0DD1-4DA2-8751-F0344C8DED73}.Release|Win32.Build.0 = Release|Win32
		{98CFBEF5-CB25-46D4-9D5C-A5F45B58B64C}.Debug|Win32.ActiveCfg = Debug|Win32
		{98CFBEF5-CB25-46D4-9D5C-A5F45B58B64C}.Debug|Win32.Build.0 = Debug|Win32
		{98CFBEF5-CB25-46D4-9D5C-A5F45B58B64C}.Release|Win32.ActiveCfg = Release|Win32
		{98CFBEF5-CB25-46D4-9D5C-A5F45B58B64C}.Release|Win32.Build.0 = Release|Win32
		{763FC6CD-E13E-4DF2-9F47-782D9DE6BBA1}.Debug|Win32.ActiveCfg = Debug|Win32
		{763FC6CD-E13E-4DF2-9F47-782D9DE6BBA1}.Debug|Win32.Build.0 = Debug|Win32
		{763FC6CD-E13E-4DF2-9F47-782D9DE6BBA1}.Release|Win32.ActiveCfg = Release|Win32
		{763FC6CD-E13E-4DF2-9F47-782D9DE6BBA1}.Release|Win32.Build.0 = Release|Win32
		{D1667995-1F8E-44DB-AF08-1AC23DBE0D42}.Debug|Win32.ActiveCfg = Debug|Win32
		{D1667995-1F8E-44DB-AF08-1AC23DBE0D42}.Debug|Win32.Build.0 = Debug|Win32
		{D1667995-1F8E-44DB-AF08-1AC23DBE0D42}.Release|Win32.ActiveCfg = Release|Win32
		{D1667995-1F8E-44DB-AF08-1AC23DBE0D42}.Release|Win32.Build.0 = Release|Win32
		{FEBF52E1-5AE2-4813-AFF9-7A31B18D2A5C}.Debug|Win32.ActiveCfg = Debug|Win32
		{FEBF52E1-5AE2-4813-AFF9-7A31B18D2A5C}.Debug|Win32.Build.0 = Debug|Win32
		{FEBF52E1-5AE2-4813-AFF9-7A31B18D2A5C}.Release|Win32.ActiveCfg = Release|Win32
		{FEBF52E1-5AE2-4813-AFF9-7A31B18D2A5C}.Release|Win32.Build.0 = Release|Win32
		{A6C2C4EC-1640-4F0F-A6EB-FC2C2916E590}.Debug|Win32.ActiveCfg = Debug|Win32
		{A6C2C4EC-1640-4F0F-A6EB-FC2C2916E590}.Debug|Win32.Build.0 = Debug|Win32
		{A6C2C4EC-1640-4F0F-A6EB-FC2C2916E590}.Release|Win32.ActiveCfg = Release|Win32
		{A6C2C4EC-1640-4F0F-A6EB-FC2C2916E590}.Release|Win32.Build.0 = Release|Win32
		{A49C2722-FAFD-4805-947C-8FF8CF6ACB98}.Debug|Win32.ActiveCfg = Debug|Win32
		{A49C2722-FAFD-4805-947C-8FF8CF6ACB98}.Debug|Win32.Build.0 = Debug|Win32
		{A49C2722-FAFD-4805-947C-8FF8CF6ACB98}.Release|Win32.ActiveCfg = Release|Win32
		{A49C2722-FAFD-4805-947C-8FF8CF6ACB98}.Release|Win32.Build.0 = Release|Win32
		{E49EB4F4-38AC-4BEB-AED9-3DD85C882549}.Debug|Win32.ActiveCfg = Debug|Win32
		{E49EB4F4-38AC-4BEB-AED9-3DD85C882549}.Debug|Win32.Build.0 = Debug|Win32
		{E49EB4F4-38AC-4BEB-AED9-3DD85C882549}.Release|Win32.ActiveCfg = Release|Win32
		{E49EB4F4-38AC-4BEB-AED9-3DD85C882549}.Release|Win32.Build.0 = Release|Win32
		{0347710A-E01C-4CDB-BF26-743CC2CC3F24}.Debug|Win32.ActiveCfg = Debug|Win32
		{0347710A-E01C-4CDB-BF26-743CC2CC3F24}.Debug|Win32.Build.0 = Debug|Win32
		{0347710A-E01C-4CDB-BF26-743CC2CC3F24}.Release|Win32.ActiveCfg = Release|Win32
		{0347710A-E01C-4CDB-BF26-743CC2CC3F24}.Release|Win32.Build.0 = Release|Win32
		{4F3CD05D-53CC-41E9-9775-4CE6B7B75CEB}.Debug|Win32.ActiveCfg = Debug|Win32
		{4F3CD05D-53CC-41E9-9775-4CE6B7B75CEB}.Debug|Win32.Build.0 = Debug|Win32
		{4F3CD05D-53CC-41E9-9775-4CE6B7B75CEB}.Release|Win32.ActiveCfg = Release|Win32
		{4F3CD05D-53CC-41E9-9775-4CE6B7B75CEB}.Release|Win32.Build.0 = Release|Win32
		{B4428437-52BF-4C36-AA59-F6E714C6DE93}.Debug|Win32.ActiveCfg = Debug|Win32
		{B4428437-52BF-4C36-AA59-F6E714C6DE93}.Debug|Win32.Build.0 = Debug|Win32
		{B4428437-52BF-4C36-AA59-F6E714C6DE93}.Release|Win32.ActiveCfg = Release|Win32
		{B4428437-52BF-4C36-AA59-F6E714C6DE93}.Release|Win32.Build.0 = Release|Win32
		{3676B0FA-1E60-4CCF-99AD-EDCFB3AD8277}.Debug|Win32.ActiveCfg = Debug|Win32
		{3676B0FA-1E60-4CCF-99AD-EDCFB3AD8277}.Debug|Win32.Build.0 = Debug|Win32
		{3676B0FA-1E60-4CCF-99AD-EDCFB3AD8277}.Release|Win32.ActiveCfg = Release|Win32
		{3676B0FA-1E60-4CCF-99AD-EDCFB3AD8277}.Release|Win32.Build.0 = Release|Win32
		{C9444506-D127-4E11-ABC2-E73A6648A839}.Debug|Win32.ActiveCfg = Debug|Win32
		{C9444506-D127-4E11-ABC2-E73A6648A839}.Debug|Win32.Build.0 = Debug|Win32
		{C9444506-D127-4E11-ABC2-E73A6648A839}.Release|Win32.ActiveCfg = Release|Win32
		{C9444506-D127-4E11-ABC2-E73A6648A839}.Release|Win32.Build.0 = Release|Win32
		{812FB944-7EA4-4F2A-B47F-FC457E3FF56B}.Debug|Win32.ActiveCfg = Debug|Win32
		{812FB944-7EA4-4F2A-B47F-FC457E3FF56B}.Debug|Win32.Build.0 = Debug|Win32
		{812FB944-7EA4-4F2A-B47F-FC457E3FF56B}.Release|Win32.ActiveCfg = Release|Win32
		{812FB944-7EA4-4F2A-B47F-FC457E3FF56B}.Release|Win32.Build.0 = Release|Win32
		{E850D19B-231A-4FEC-8F3A-19511F4BC98E}.Debug|Win32.ActiveCfg = Debug|Win32
		{E850D19B-231A-4FEC-8F3A-19511F4BC98E}.Debug|Win32.Build.0 = Debug|Win32
		{E850D19B-231A-4FEC-8F3A-19511F4BC98E}.Release|Win32.ActiveCfg = Release|Win32
		{E850D19B-231A-4FEC-8F3A-19511F4BC98E}.Release|Win32.Build.0 = Release|Win32
		{E10C3484-2E4C-49F9-A391-E1A91AB01B91}.Debug|Win32.ActiveCfg = Debug|Win32
		{E10C3484-2E4C-49F9-A391-E1A91AB01B91}.Debug|Win32.Build.0 = Debug|Win32
		{E10C3484-2E4C-49F9-A391-E1A91AB01B91}.Release|Win32.ActiveCfg = Release|Win32
		{E10C3484-2E4C-49F9-A391-E1A91AB01B91}.Release|Win32.Build.0 = Release|Win32
		{EC5523B4-A373-4828-B554-F93EE1901835}.Debug|Win32.ActiveCfg = Debug|Win32
		{EC5523B4-A373-4828-B554-F93EE1901835}.Debug|Win32.Build.0 = Debug|Win32
		{EC5523B4-A373-4828-B554-F93EE1901835}.Release|Win32.ActiveCfg = Release|Win32
		{EC5523B4-A373-4828-B554-F93EE1901835}.Release|Win32.Build.0 = Release|Win32
		{EC8AA794-47D5-4021-B155-BFDD635BAFBB}.Debug|Win32.ActiveCfg = Debug|Win32
		{EC8AA794-47D5-4021-B155-BFDD635BAFBB}.Debug|Win32.Build.0 = Debug|Win32
		{EC8AA794-47D5-4021-B155-BFDD635BAFBB}.Release|Win32.ActiveCfg = Release|Win32
		{EC8AA794-47D5-4021-B155-BFDD635BAFBB}.Release|Win32.Build.0 = Release|Win32
		{D38173B0-D3F2-46A8-93D3-D90B02025F03}.Debug|Win32.ActiveCfg = Debug|Win32
		{D38173B0-D3F2-46A8-93D3-D90B02025F03}.Debug|Win32.Build.0 = Debug|Win32
		{D38173B0-D3F2-46A8-93D3-D90B02025F03}.Release|Win32.ActiveCfg = Release|Win32
		{D38173B0-D3F2-46A8-93D3-D90B02025F03}.Release|Win32.Build.0 = Release|Win32
		{3D33ADB0-8736-4434-944C-66D6C3ADF5BD}.Debug|Win32.ActiveCfg = Debug|Win32
		{3D33ADB0-8736-4434-944C-66D6C3ADF5BD}.Debug|Win32.Build.0 = Debug|Win32
		{3D33ADB0-8736-4434-944C-66D6C3ADF5BD}.Release|Win32.ActiveCfg = Release|Win32
		{3D33ADB0-8736-4434-944C-66D6C3ADF5BD}.Release|Win32.Build.0 = Release|Win32
		{996F8705-FEA7-42CD-A8C7-E517C8FCC133}.Debug|Win32.ActiveCfg = Debug|Win32
		{996F8705-FEA7-42CD-A8C7-E517C8FCC133}.Debug|Win32.Build.0 = Debug|Win32
		{996F8705-FEA7-42CD-A8C7-E517C8FCC133}.Release|Win32.ActiveCfg = Release|Win32
		{996F8705-FEA7-42CD-A8C7-E517C8FCC133}.Release|Win32.Build.0 = Release|Win32
		{5DCA1A99-F644-4219-A305-270ECF54941B}.Debug|Win32.ActiveCfg = Debug|Win32
		{5DCA1A99-F644-4219-A305-270ECF54941B}.Debug|Win32.Build.0 = Debug|Win32
		{5DCA1A99-F644-4219-A305-270ECF54941B}.Release|Win32.ActiveCfg = Release|Win32
		{5DCA1A99-F644-4219-A305-270ECF54941B}.Release|Win32.Build.0 = Release|Win32
		{D46C4BCF-385D-4C73-B1B0-FCFF9D7260E0}.Debug|Win32.ActiveCfg = Debug|Win32
		{D46C4BCF-385D-4C73-B1B0-FCFF9D7260E0}.Debug|Win32.Build.0 = Debug|Win32
		{D46C4BCF-385D-4C73-B1B0-FCFF9D7260E0}.Release|Win32.ActiveCfg = Release|Win32
		{D46C4BCF-385D-4C73-B1B0-FCFF9D7260E0}.Release|Win32.Build.0 = Release|Win32
		{C01AB69B-4FB0-4782-9152-DA7A919EDAA8}.Debug|Win32.ActiveCfg = Debug|Win32
		{C01AB69B-4FB0-4782-9152-DA7A919EDAA8}.Debug|Win32.Build.0 = Debug|Win32
		{C01AB69B-4FB0-4782-9152-DA7A919EDAA8}.Release|Win32.ActiveCfg = Release|Win32
		{C01AB69B-4FB0-4782-9152-DA7A919EDAA8}.Release|Win32.Build.0 = Release|Win32
		{B0C88E58-2C7C-4441-9897-7000FE92C019}.Debug|Win32.ActiveCfg = Debug|Win32
		{B0C88E58-2C7C-4441-9897-7000FE92C019}.Debug|Win32.Build.0 = Debug|Win32
		{B0C88E58-2C7C-4441-9897-7000FE92C019}.Release|Win32.ActiveCfg = Release|Win32
		{B0C88E58-2C7C-4441-9897-7000FE92C019}.Release|Win32.Build.0 = Release|Win32
		{D5F4D80B-5176-4409-9622-80A2FAD508D5}.Debug|Win32.ActiveCfg = Debug|Win32
		{D5F4D80B-5176-4409-9622-80A2FAD508D5}.Debug|Win32.Build.0 = Debug|Win32
		{D5F4D80B-5176-4409-9622-80A2FAD508D5}.Release|Win32.ActiveCfg = Release|Win32
		{D5F4D80B-5176-4409-9622-80A2FAD508D5}.Release|Win32.Build.0 = Release|Win32
		{E85720A9-02B7-4149-93C4-4A4F7E06BEBB}.Debug|Win32.ActiveCfg = Debug|Win32
		{E85720A9-02B7-4149-93C4-4A4F7E06BEBB}.Debug|Win32.Build.0 = Debug|Win32
		{E85720A9-02B7-4149-93C4-4A4F7E06BEBB}.Release|Win32.ActiveCfg = Release|Win32
		{E85720A9-02B7-4149-93C4-4A4F7E06BEBB}.Release|Win32.Build.0 = Release|Win32
		{31FA72D2-B2D2-448B-9763-51A586879A20}.Debug|Win32.ActiveCfg = Debug|Win32
		{31FA72D2-B2D2-448B-9763-51A586879A20}.Debug|Win32.Build.0 = Debug|Win32
		{31FA72D2-B2D2-448B-9763-51A586879A20}.Release|Win32.ActiveCfg = Release|Win32
		{31FA72D2-B2D2-448B-9763-51A586879A20}.Release|Win32.Build.0 = Release|Win32
		{6FF992C4-947E-49F6-80D7-6D6B902E9071}.Debug|Win32.ActiveCfg = Debug|Win32
		{6FF992C4-947E-49F6-80D7-6D6B902E9071}.Debug|Win32.Build.0 = Debug|Win32
		{6FF992C4-947E-49F6-80D7-6D6B902E9071}.Release|Win32.ActiveCfg = Release|Win32
		{6FF992C4-947E-49F6-80D7-6D6B902E9071}.Release|Win32.Build.0 = Release|Win32
		{FA0B80ED-AEB4-427F-BDA7-606723E856CD}.Debug|Win32.ActiveCfg = Debug|Win32
		{FA0B80ED-AEB4-427F-BDA7-606723E856CD}.Debug|Win32.Build.0 = Debug|Win32
		{FA0B80ED-AEB4-427F-BDA7-606723E856CD}.Release|Win32.ActiveCfg = Release|Win32
		{FA0B80ED-AEB4-427F-BDA7-606723E856CD}.Release|Win32.Build.0 = Release|Win32
		{8F5AE5EB-AD2E-4CEC-8368-4D7D41635B8E}.Debug|Win32.ActiveCfg = Debug|Win32
		{8F5AE5EB-AD2E-4CEC-8368-4D7D41635B8E}.Debug|Win32.Build.0 = Debug|Win32
		{8F5AE5EB-AD2E-4CEC-8368-4D7D41635B8E}.Release|Win32.ActiveCfg = Release|Win32
		{8F5AE5EB-AD2E-4CEC-8368-4D7D41635B8E}.Release|Win32.Build.0 = Release|Win32
		{7EEAFCE3-EDAC-45D4-BDEC-85D1787FFD2F}.Debug|Win32.ActiveCfg = Debug|Win32
		{7EEAFCE3-EDAC-45D4-BDEC-85D1787FFD2F}.Debug|Win32.Build.0 = Debug|Win32
		{7EEAFCE3-EDAC-45D4-BDEC-85D1787FFD2F}.Release|Win32.ActiveCfg = Release|Win32
		{7EEAFCE3-EDAC-45D4-BDEC-85D1787FFD2F}.Release|Win32.Build.0 = Release|Win32
		{74900A63-0FAD-4CEA-8433-C78B11F4C8C9}.Debug|Win32.ActiveCfg = Debug|Win32
		{74900A63-0FAD-4CEA-8433-C78B11F4C8C9}.Debug|Win32.Build.0 = Debug|Win32
		{74900A63-0FAD-4CEA-8433-C78B11F4C8C9}.Release|Win32.ActiveCfg = Release|Win32
		{74900A63-0FAD-4CEA-8433-C78B11F4C8C9}.Release|Win32.Build.0 = Release|Win32
		{835BE2F4-11A6-4ABC-9BBF-368E68AD08AF}.Debug|Win32.ActiveCfg = Debug|Win32
		{835BE2F4-11A6-4ABC-9BBF-368E68AD08AF}.Debug|Win32.Build.0 = Debug|Win32
		{835BE2F4-11A6-4ABC-9BBF-368E68AD08AF}.Release|Win32.ActiveCfg = Release|Win32
		{835BE2F4-11A6-4ABC-9BBF-368E68AD08AF}.Release|Win32.Build.0 = Release|Win32
		{B59BBCF0-BF3F-4873-BF2A-293F73B77B80}.Debug|Win32.ActiveCfg = Debug|Win32
		{B59BBCF0-BF3F-4873-BF2A-293F73B77B80}.Debug|Win32.Build.0 = Debug|Win32
		{B59BBCF0-BF3F-4873-BF2A-293F73B77B80}.Release|Win32.ActiveCfg = Release|Win32
		{B59BBCF0-BF3F-4873-BF2A-293F73B77B80}.Release|Win32.Build.0 = Release|Win32
		{F6867858-2359-438D-8DBA-57C97CD159AD}.Debug|Win32.ActiveCfg = Debug|Win32
		{F6867858-2359-438D-8DBA-57C97CD159AD}.Debug|Win32.Build.0 = Debug|Win32
		{F6867858-2359-438D-8DBA-57C97CD159AD}.Release|Win32.ActiveCfg = Release|Win32
		{F6867858-2359-438D-8DBA-57C97CD159AD}.Release|Win32.Build.0 = Release|Win32
		{51E7DA26-927F-44A4-A88B-D9BE09978418}.Debug|Win32.ActiveCfg = Debug|Win32
		{51E7DA26-927F-44A4-A88B-D9BE09978418}.Debug|Win32.Build.0 = Debug|Win32
		{51E7DA26-927F-44A4-A88B-D9BE09978418}.Release|Win32.ActiveCfg = Release|Win32
		{51E7DA26-927F-44A4-A88B-D9BE09978418}.Release|Win32.Build.0 = Release|Win32
		{01204870-7697-4E3D-9A93-045468FB59E2}.Debug|Win32.ActiveCfg = Debug|Win32
		{01204870-7697-4E3D-9A93-045468FB59E2}.Debug|Win32.Build.0 = Debug|Win32
		{01204870-7697-4E3D-9A93-045468FB59E2}.Release|Win32.ActiveCfg = Release|Win32
		{01204870-7697-4E3D-9A93-045468FB59E2}.Release|Win32.Build.0 = Release|Win32
		{939564FA-FEA6-4D04-8A3D-A7DE0A3AA2B8}.Debug|Win32.ActiveCfg = Debug|Win32
		{939564FA-FEA6-4D04-8A3D-A7DE0A3AA2B8}.Debug|Win32.Build.0 = Debug|Win32
		{939564FA-FEA6-4D04-8A3D-A7DE0A3AA2B8}.Release|Win32.ActiveCfg = Release|Win32
		{939564FA-FEA6-4D04-8A3D-A7DE0A3AA2B8}.Release|Win32.Build.0 = Release|Win32
		{D39C9EE7-F74D-4E16-B75F-C354E0B3A915}.Debug|Win32.ActiveCfg = Debug|Win32
		{D39C9EE7-F74D-4E16-B75F-C354E0B3A915}.Debug|Win32.Build.0 = Debug|Win32
		{D39C9EE7-F74D-4E16-B75F-C354E0B3A915}.Release|Win32.ActiveCfg = Release|Win32
		{D39C9EE7-F74D-4E16-B75F-C354E0B3A915}.Release|Win32.Build.0 = Release|Win32
		{6B4BBDB9-E85B-4DFE-8309-C58357420E7D}.Debug|Win32.ActiveCfg = Debug|Win32
		{6B4BBDB9-E85B-4DFE-8309-C58357420E7D}.Debug|Win32.Build.0 = Debug|Win32
		{6B4BBDB9-E85B-4DFE-8309-C58357420E7D}.Release|Win32.ActiveCfg = Release|Win32
		{6B4BBDB9-E85B-4DFE-8309-C58357420E7D}.Release|Win32.Build.0 = Release|Win32
		{8D39171B-8767-4553-8AAD-9FC4A20CC70E}.Debug|Win32.ActiveCfg = Debug|Win32
		{8D39171B-8767-4553-8AAD-9FC4A20CC70E}.Debug|Win32.Build.0 = Debug|Win32
		{8D39171B-8767-4553-8AAD-9FC4A20CC70E}.Release|Win32.ActiveCfg = Release|Win32
		{8D39171B-8767-4553-8AAD-9FC4A20CC70E}.Release|Win32.Build.0 = Release|Win32
		{53A21C22-6328-4D3A-928B-1BCABBAA070C}.Debug|Win32.ActiveCfg = Debug|Win32
		{53A21C22-6328-4D3A-928B-1BCABBAA070C}.Debug|Win32.Build.0 = Debug|Win32
		{53A21C22-6328-4D3A-928B-1BCABBAA070C}.Release|Win32.ActiveCfg = Release|Win32
		{53A21C22-6328-4D3A-928B-1BCABBAA070C}.Release|Win32.Build.0 = Release|Win32
		{22919FDF-4BF7-4BE4-9C26-46C5CAFC1C58}.Debug|Win32.ActiveCfg = Debug|Win32
		{22919FDF-4BF7-4BE4-9C26-46C5CAFC1C58}.Debug|Win32.Build.0 = Debug|Win32
		{22919FDF-4BF7-4BE4-9C26-46C5CAFC1C58}.Release|Win32.ActiveCfg = Release|Win32
		{22919FDF-4BF7-4BE4-9C26-46C5CAFC1C58}.Release|Win32.Build.0 = Release|Win32
		{8F22958D-507F-4DA8-8731-8D82EFA47372}.Debug|Win32.ActiveCfg = Debug|Win32
		{8F22958D-507F-4DA8-8731-8D82EFA47372}.Debug|Win32.Build.0 = Debug|Win32
		{8F22958D-507F-4DA8-8731-8D82EFA47372}.Release|Win32.ActiveCfg = Release|Win32
		{8F22958D-507F-4DA8-8731-8D82EFA47372}.Release|Win32.Build.0 = Release|Win32
		{792DDEC7-7CE6-4A11-9D74-DA0148CBB4EA}.Debug|Win32.ActiveCfg = Debug|Win32
		{792DDEC7-7CE6-4A11-9D74-DA0148CBB4EA}.Debug|Win32.Build.0 = Debug|Win32
		{792DDEC7-7CE6-4A11-9D74-DA0148CBB4EA}.Release|Win32.ActiveCfg = Release|Win32
		{792DDEC7-7CE6-4A11-9D74-DA0148CBB4EA}.Release|Win32.Build.0 = Release|Win32
		{692A5C65-A5BF-4612-8CB8-6933B3BC55A4}.Debug|Win32.ActiveCfg = Debug|Win32
		{692A5C65-A5BF-4612-8CB8-6933B3BC55A4}.Debug|Win32.Build.0 = Debug|Win32
		{692A5C65-A5BF-4612-8CB8-6933B3BC55A4}.Release|Win32.ActiveCfg = Release|Win32
		{692A5C65-A5BF-4612-8CB8-6933B3BC55A4}.Release|Win32.Build.0 = Release|Win32
		{CF07979F-0CEE-481B-ADC3-103C547C2D2E}.Debug|Win32.ActiveCfg = Debug|Win32
		{CF07979F-0CEE-481B-ADC3-103C547C2D2E}.Debug|Win32.Build.0 = Debug|Win32
		{CF07979F-0CEE-481B-ADC3-103C547C2D2E}.Release|Win32.ActiveCfg = Release|Win32
		{CF07979F-0CEE-481B-ADC3-103C547C2D2E}.Release|Win32.Build.0 = Release|Win32
		{0C006B6A-2C8B-469C-A5CE-C17D795D67F0}.Debug|Win32.ActiveCfg = Debug|Win32
		{0C006B6A-2C8B-469C-A5CE-C17D795D67F0}.Debug|Win32.Build.0 = Debug|Win32
		{0C006B6A-2C8B-469C-A5CE-C17D795D67F0}.Release|Win32.ActiveCfg = Release|Win32
		{0C006B6A-2C8B-469C-A5CE-C17D795D67F0}.Release|Win32.Build.0 = Release|Win32
		{BB5D5DC1-CE32-44B5-9CA0-9E875BE17B30}.Debug|Win32.ActiveCfg = Debug|Win32
		{BB5D5DC1-CE32-44B5-9CA0-9E875BE17B30}.Debug|Win32.Build.0 = Debug|Win32
		{BB5D5DC1-CE32-44B5-9CA0-9E875BE17B30}.Release|Win32.ActiveCfg = Release|Win32
		{BB5D5DC1-CE32-44B5-9CA0-9E875BE17B30}.Release|Win32.Build.0 = Release|Win32
		{973405A8-D8C5-4588-98E7-E050FF7D3EED}.Debug|Win32.ActiveCfg = Debug|Win32
		{973405A8-D8C5-4588-98E7-E050FF7D3EED}.Debug|Win32.Build.0 = Debug|Win32
		{973405A8-D8C5-4588-98E7-E050FF7D3EED}.Release|Win32.ActiveCfg = Release|Win32
		{973405A8-D8C5-4588-98E7-E050FF7D3EED}.Release|Win32.Build.0 = Release|Win32
		{AB049058-9B6A-4146-98E2-3EC41C299A0E}.Debug|Win32.ActiveCfg = Debug|Win32
		{AB049058-9B6A-4146-98E2-3EC41C299A0E}.Debug|Win32.Build.0 = Debug|Win32
		{AB049058-9B6A-4146-98E2-3EC41C299A0E}.Release|Win32.ActiveCfg = Release|Win32
		{AB049058-9B6A-4146-98E2-3EC41C299A0E}.Release|Win32.Build.0 = Release|Win32
		{9B5B4C3D-1C71-48F8-A69F-097054767000}.Debug|Win32.ActiveCfg = Debug|Win32
		{9B5B4C3D-1C71-48F8-A69F-097054767000}.Debug|Win32.Build.0 = Debug|Win32
		{9B5B4C3D-1C71-48F8-A69F-097054767000}.Release|Win32.ActiveCfg = Release|Win32
		{9B5B4C3D-1C71-48F8-A69F-097054767000}.Release|Win32.Build.0 = Release|Win32
		{BCFD36FC-3F9A-477A-8E62-313BD0BC89C1}.Debug|Win32.ActiveCfg = Debug|Win32
		{BCFD36FC-3F9A-477A-8E62-313BD0BC89C1}.Debug|Win32.Build.0 = Debug|Win32
		{BCFD36FC-3F9A-477A-8E62-313BD0BC89C1}.Release|Win32.ActiveCfg = Release|Win32
		{BCFD36FC-3F9A-477A-8E62-313BD0BC89C1}.Release|Win32.Build.0 = Release|Win32
		{8F75D298-5C4F-42E1-827C-1B8001B24BE9}.Debug|Win32.ActiveCfg = Debug|Win32
		{8F75D298-5C4F-42E1-827C-1B8001B24BE9}.Debug|Win32.Build.0 = Debug|Win32
		{8F75D298-5C4F-42E1-827C-1B8001B24BE9}.Release|Win32.ActiveCfg = Release|Win32
		{8F75D298-5C4F-42E1-827C-1B8001B24BE9}.Release|Win32.Build.0 = Release|Win32
		{D204182F-D987-4264-95AE-AFD70B5E4347}.Debug|Win32.ActiveCfg = Debug|Win32
		{D204182F-D987-4264-95AE-AFD70B5E4347}.Debug|Win32.Build.0 = Debug|Win32
		{D204182F-D987-4264-95AE-AFD70B5E4347}.Release|Win32.ActiveCfg = Release|Win32
		{D204182F-D987-4264-95AE-AFD70B5E4347}.Release|Win32.Build.0 = Release|Win32
		{2C2C871A-1C5B-4D84-A0EB-E78E045E0693}.Debug|Win32.ActiveCfg = Debug|Win32
		{2C2C871A-1C5B-4D84-A0EB-E78E045E0693}.Debug|Win32.Build.0 = Debug|Win32
		{2C2C871A-1C5B-4D84-A0EB-E78E045E0693}.Release|Win32.ActiveCfg = Release|Win32
		{2C2C871A-1C5B-4D84-A0EB-E78E045E0693}.Release|Win32.Build.0 = Release|Win32
		{80822CC3-425D-4EBD-8AE9-C39453F33467}.Debug|Win32.ActiveCfg = Debug|Win32
		{80822CC3-425D-4EBD-8AE9-C39453F33467}.Debug|Win32.Build.0 = Debug|Win32
		{80822CC3-425D-4EBD-8AE9-C39453F33467}.Release|Win32.ActiveCfg = Release|Win32
		{80822CC3-425D-4EBD-8AE9-C39453F33467}.Release|Win32.Build.0 = Release|Win32
		{78989A87-D542-491E-8BBC-474134139AA9}.Debug|Win32.ActiveCfg = Debug|Win32
		{78989A87-D542-491E-8BBC-474134139AA9}.Debug|Win32.Build.0 = Debug|Win32
		{78989A87-D542-491E-8BBC-474134139AA9}.Release|Win32.ActiveCfg = Release|Win32
		{78989A87-D542-491E-8BBC-474134139AA9}.Release|Win32.Build.0 = Release|Win32
		{717C1934-D2BA-435C-AC9D-0C8EF9BB3A1E}.Debug|Win32.ActiveCfg = Debug|Win32
		{717C1934-D2BA-435C-AC9D-0C8EF9BB3A1E}.Debug|Win32.Build.0 = Debug|Win32
		{717C1934-D2BA-435C-AC9D-0C8EF9BB3A1E}.Release|Win32.ActiveCfg = Release|Win32
		{717C1934-D2BA-435C-AC9D-0C8EF9BB3A1E}.Release|Win32.Build.0 = Release|Win32
		{1C19D301-84FC-46F1-B44E-9ACEEC1F77E2}.Debug|Win32.ActiveCfg = Debug|Win32
		{1C19D301-84FC-46F1-B44E-9ACEEC1F77E2}.Debug|Win32.Build.0 = Debug|Win32
		{1C19D301-84FC-46F1-B44E-9ACEEC1F77E2}.Release|Win32.ActiveCfg = Release|Win32
		{1C19D301-84FC-46F1-B44E-9ACEEC1F77E2}.Release|Win32.Build.0 = Release|Win32
		{39B4B550-C07F-4530-A032-8658D8418DFC}.Debug|Win32.ActiveCfg = Debug|Win32
		{39B4B550-C07F-4530-A032-8658D8418DFC}.Debug|Win32.Build.0 = Debug|Win32
		{39B4B550-C07F-4530-A032-8658D8418DFC}.Release|Win32.ActiveCfg = Release|Win32
		{39B4B550-C07F-4530-A032-8658D8418DFC}.Release|Win32.Build.0 = Release|Win32
		{5A03C50F-BE09-41B6-8772-1865C5B762E3}.Debug|Win32.ActiveCfg = Debug|Win32
		{5A03C50F-BE09-41B6-8772-1865C5B762E3}.Debug|Win32.Build.0 = Debug|Win32
		{5A03C50F-BE09-41B6-8772-1865C5B762E3}.Release|Win32.ActiveCfg = Release|Win32
		{5A03C50F-BE09-41B6-8772-1865C5B762E3}.Release|Win32.Build.0 = Release|Win32
		{35E0B241-383E-4F94-9515-DBA8FCA922AF}.Debug|Win32.ActiveCfg = Debug|Win32
		{35E0B241-383E-4F94-9515-DBA8FCA922AF}.Debug|Win32.Build.0 = Debug|Win32
		{35E0B241-383E-4F94-9515-DBA8FCA922AF}.Release|Win32.ActiveCfg = Release|Win32
		{35E0B241-383E-4F94-9515-DBA8FCA922AF}.Release|Win32.Build.0 = Release|Win32
		{F118019D-2601-4BBA-A871-506969121E83}.Debug|Win32.ActiveCfg = Debug|Win32
		{F118019D-2601-4BBA-A871-506969121E83}.Debug|Win32.Build.0 = Debug|Win32
		{F118019D-2601-4BBA-A871-506969121E83}.Release|Win32.ActiveCfg = Release|Win32
		{F118019D-2601-4BBA-A871-506969121E83}.Release|Win32.Build.0 = Release|Win32
		{09B8F731-B5F9-4A62-84E1-AEFAFE743136}.Debug|Win32.ActiveCfg = Debug|Win32
		{09B8F731-B5F9-4A62-84E1-AEFAFE743136}.Debug|Win32.Build.0 = Debug|Win32
		{09B8F731-B5F9-4A62-84E1-AEFAFE743136}.Release|Win32.ActiveCfg = Release|Win32
		{09B8F731-B5F9-4A62-84E1-AEFAFE743136}.Release|Win32.Build.0 = Release|Win32
		{86165B73-A071-49EF-9B88-BFBCB25BE701}.Debug|Win32.ActiveCfg = Debug|Win32
		{86165B73-A071-49EF-9B88-BFBCB25BE701}.Debug|Win32.Build.0 = Debug|Win32
		{86165B73-A071-49EF-9B88-BFBCB25BE701}.Release|Win32.ActiveCfg = Release|Win32
		{86165B73-A071-49EF-9B88-BFBCB25BE701}.Release|Win32.Build.0 = Release|Win32
		{5481AB20-D1EF-49FF-B4B6-9A8447E2BECE}.Debug|Win32.ActiveCfg = Debug|Win32
		{5481AB20-D1EF-49FF-B4B6-9A8447E2BECE}.Debug|Win32.Build.0 = Debug|Win32
		{5481AB20-D1EF-49FF-B4B6-9A8447E2BECE}.Release|Win32.ActiveCfg = Release|Win32
		{5481AB20-D1EF-49FF-B4B6-9A8447E2BECE}.Release|Win32.Build.0 = Release|Win32
		{DF019C7E-A529-4362-858E-4A20E78692F6}.Debug|Win32.ActiveCfg = Debug|Win32
		{DF019C7E-A529-4362-858E-4A20E78692F6}.Debug|Win32.Build.0 = Debug|Win32
		{DF019C7E-A529-4362-858E-4A20E78692F6}.Release|Win32.ActiveCfg = Release|Win32
		{DF019C7E-A529-4362-858E-4A20E78692F6}.Release|Win32.Build.0 = Release|Win32
		{309CC1EA-D55E-4859-B19B-5048FFDB4B4E}.Debug|Win32.ActiveCfg = Debug|Win32
		{309CC1EA-D55E-4859-B19B-5048FFDB4B4E}.Debug|Win32.Build.0 = Debug|Win32
		{309CC1EA-D55E-4859-B19B-5048FFDB4B4E}.Release|Win32.ActiveCfg = Release|Win32
		{309CC1EA-D55E-4859-B19B-5048FFDB4B4E}.Release|Win32.Build.0 = Release|Win32
		{394A092D-4136-4BA7-A6AA-A27C46B00701}.Debug|Win32.ActiveCfg = Debug|Win32
		{394A092D-4136-4BA7-A6AA-A27C46B00701}.Debug|Win32.Build.0 = Debug|Win32
		{394A092D-4136-4BA7-A6AA-A27C46B00701}.Release|Win32.ActiveCfg = Release|Win32
		{394A092D-4136-4BA7-A6AA-A27C46B00701}.Release|Win32.Build.0 = Release|Win32
		{0B825D3B-BCA3-40CA-9418-B647EA945D34}.Debug|Win32.ActiveCfg = Debug|Win32
		{0B825D3B-BCA3-40CA-9418-B647EA945D34}.Debug|Win32.Build.0 = Debug|Win32
		{0B825D3B-BCA3-40CA-9418-B647EA945D34}.Release|Win32.ActiveCfg = Release|Win32
		{0B825D3B-BCA3-40CA-9418-B647EA945D34}.Release|Win32.Build.0 = Release|Win32
		{B4145FBB-BD8C-4170-9C74-B42092C32FC8}.Debug|Win32.ActiveCfg = Debug|Win32
		{B4145FBB-BD8C-4170-9C74-B42092C32FC8}.Debug|Win32.Build.0 = Debug|Win32
		{B4145FBB-BD8C-4170-9C74-B42092C32FC8}.Release|Win32.ActiveCfg = Release|Win32
		{B4145FBB-BD8C-4170-9C74-B42092C32FC8}.Release|Win32.Build.0 = Release|Win32
		{783CC5F9-171E-4252-905E-E1B7648D9F09}.Debug|Win32.ActiveCfg = Debug|Win32
		{783CC5F9-171E-4252-905E-E1B7648D9F09}.Debug|Win32.Build.0 = Debug|Win32
		{783CC5F9-171E-4252-905E-E1B7648D9F09}.Release|Win32.ActiveCfg = Release|Win32
		{783CC5F9-171E-4252-905E-E1B7648D9F09}.Release|Win32.Build.0 = Release|Win32
		{C4FF1EF6-EF8C-460A-AD43-F0B39A4E6EA8}.Debug|Win32.ActiveCfg = Debug|Win32
		{C4FF1EF6-EF8C-460A-AD43-F0B39A4E6EA8}.Debug|Win32.Build.0 = Debug|Win32
		{C4FF1EF6-EF8C-460A-AD43-F0B39A4E6EA8}.Release|Win32.ActiveCfg = Release|Win32
		{C4FF1EF6-EF8C-460A-AD43-F0B39A4E6EA8}.Release|Win32.Build.0 = Release|Win32
		{E5D1BBD3-4EB8-46FF-802C-131C4CC8618F}.Debug|Win32.ActiveCfg = Debug|Win32
		{E5D1BBD3-4EB8-46FF-802C-131C4CC8618F}.Debug|Win32.Build.0 = Debug|Win32
		{E5D1BBD3-4EB8-46FF-802C-131C4CC8618F}.Release|Win32.ActiveCfg = Release|Win32
		{E5D1BBD3-4EB8-46FF-802C-131C4CC8618F}.Release|Win32.Build.0 = Release|Win32
		{E3B8B30C-2C61-4AF6-BF60-41812CB3445F}.Debug|Win32.ActiveCfg = Debug|Win32
		{E3B8B30C-2C61-4AF6-BF60-41812CB3445F}.Debug|Win32.Build.0 = Debug|Win32
		{E3B8B30C-2C61-4AF6-BF60-41812CB3445F}.Release|Win32.ActiveCfg = Release|Win32
		{E3B8B30C-2C61-4AF6-BF60-41812CB3445F}.Release|Win32.Build.0 = Release|Win32
		{B1E00C89-6621-4AED-8D02-65EAF4251762}.Debug|Win32.ActiveCfg = Debug|Win32
		{B1E00C89-6621-4AED-8D02-65EAF4251762}.Debug|Win32.Build.0 = Debug|Win32
		{B1E00C89-6621-4AED-8D02-65EAF4251762}.Release|Win32.ActiveCfg = Release|Win32
		{B1E00C89-6621-4AED-8D02-65EAF4251762}.Release|Win32.Build.0 = Release|Win32
		{70538692-DB0D-4A3E-A5E4-C39CD5DB86F1}.Debug|Win32.ActiveCfg = Debug|Win32
		{70538692-DB0D-4A3E-A5E4-C39CD5DB86F1}.Debug|Win32.Build.0 = Debug|Win32
		{70538692-DB0D-4A3E-A5E4-C39CD5DB86F1}.Release|Win32.ActiveCfg = Release|Win32
		{70538692-DB0D-4A3E-A5E4-C39CD5DB86F1}.Release|Win32.Build.0 = Release|Win32
		{911BFDBC-920D-4629-BE2E-8D0AC94DB925}.Debug|Win32.ActiveCfg = Debug|Win32
		{911BFDBC-920D-4629-BE2E-8D0AC94DB925}.Debug|Win32.Build.0 = Debug|Win32
		{911BFDBC-920D-4629-BE2E-8D0AC94DB925}.Release|Win32.ActiveCfg = Release|Win32
		{911BFDBC-920D-4629-BE2E-8D0AC94DB925}.Release|Win32.Build.0 = Release|Win32
		{F3C889D9-4040-4078-A448-8D0E9F589D17}.Debug|Win32.ActiveCfg = Debug|Win32
		{F3C889D9-4040-4078-A448-8D0E9F589D17}.Debug|Win32.Build.0 = Debug|Win32
		{F3C889D9-4040-4078-A448-8D0E9F589D17}.Release|Win32.ActiveCfg = Release|Win32
		{F3C889D9-4040-4078-A448-8D0E9F589D17}.Release|Win32.Build.0 = Release|Win32
		{4BDA850D-992E-441A-B5CE-C21C79D93527}.Debug|Win32.ActiveCfg = Debug|Win32
		{4BDA850D-992E-441A-B5CE-C21C79D93527}.Debug|Win32.Build.0 = Debug|Win32
		{4BDA850D-992E-441A-B5CE-C21C79D93527}.Release|Win32.ActiveCfg = Release|Win32
		{4BDA850D-992E-441A-B5CE-C21C79D93527}.Release|Win32.Build.0 = Release|Win32
		{061E6309-098F-479C-9A77-9A423A56EA85}.Debug|Win32.ActiveCfg = Debug|Win32
		{061E6309-098F-479C-9A77-9A423A56EA85}.Debug|Win32.Build.0 = Debug|Win32
		{061E6309-098F-479C-9A77-9A423A56EA85}.Release|Win32.ActiveCfg = Release|Win32
		{061E6309-098F-479C-9A77-9A423A56EA85}.Release|Win32.Build.0 = Release|Win32
		{96E87AE0-B566-4381-8AFD-25409EE07369}.Debug|Win32.ActiveCfg = Debug|Win32
		{96E87AE0-B566-4381-8AFD-25409EE07369}.Debug|Win32.Build.0 = Debug|Win32
		{96E87AE0-B566-4381-8AFD-25409EE07369}.Release|Win32.ActiveCfg = Release|Win32
		{96E87AE0-B566-4381-8AFD-25409EE07369}.Release|Win32.Build.0 = Release|Win32
		{437CCB78-306B-4487-8B21-32680769B79A}.Debug|Win32.ActiveCfg = Debug|Win32
		{437CCB78-306B-4487-8B21-32680769B79A}.Debug|Win32.Build.0 = Debug|Win32
		{437CCB78-306B-4487-8B21-32680769B79A}.Release|Win32.ActiveCfg = Release|Win32
		{437CCB78-306B-4487-8B21-32680769B79A}.Release|Win32.Build.0 = Release|Win32
		{D37C77F4-7094-4F43-807C-AF71D11F631A}.Debug|Win32.ActiveCfg = Debug|Win32
		{D37C77F4-7094-4F43-807C-AF71D11F631A}.Debug|Win32.Build.0 = Debug|Win32
		{D37C77F4-7094-4F43-807C-AF71D11F631A}.Release|Win32.ActiveCfg = Release|Win32
		{D37C77F4-7094-4F43-807C-AF71D11F631A}.Release|Win32.Build.0 = Release|Win32
		{F48C34D8-2B6A-43CA-BC2F-BA94AEE42322}.Debug|Win32.ActiveCfg = Debug|Win32
		{F48C34D8-2B6A-43CA-BC2F-BA94AEE42322}.Debug|Win32.Build.0 = Debug|Win32
		{F48C34D8-2B6A-43CA-BC2F-BA94AEE42322}.Release|Win32.ActiveCfg = Release|Win32
		{F48C34D8-2B6A-43CA-BC2F-BA94AEE42322}.Release|Win32.Build.0 = Release|Win32
		{58CC4B28-18DB-439D-8DFB-76809B70DEE1}.Debug|Win32.ActiveCfg = Debug|Win32
		{58CC4B28-18DB-439D-8DFB-76809B70DEE1}.Debug|Win32.Build.0 = Debug|Win32
		{58CC4B28-18DB-439D-8DFB-76809B70DEE1}.Release|Win32.ActiveCfg = Release|Win32
		{58CC4B28-18DB-439D-8DFB-76809B70DEE1}.Release|Win32.Build.0 = Release|Win32
		{B704E1A9-A649-47F2-B65C-F6233858BE0D}.Debug|Win32.ActiveCfg = Debug|Win32
		{B704E1A9-A649-47F2-B65C-F6233858BE0D}.Debug|Win32.Build.0 = Debug|Win32
		{B704E1A9-A649-47F2-B65C-F6233858BE0D}.Release|Win32.ActiveCfg = Release|Win32
		{B704E1A9-A649-47F2-B65C-F6233858BE0D}.Release|Win32.Build.0 = Release|Win32
		{A89D2C70-40EF-4BE7-9F11-2A4BBBCE0E64}.Debug|Win32.ActiveCfg = Debug|Win32
		{A89D2C70-40EF-4BE7-9F11-2A4BBBCE0E64}.Debug|Win32.Build.0 = Debug|Win32
		{A89D2C70-40EF-4BE7-9F11-2A4BBBCE0E64}.Release|Win32.ActiveCfg = Release|Win32
		{A89D2C70-40EF-4BE7-9F11-2A4BBBCE0E64}.Release|Win32.Build.0 = Release|Win32
		{867213B4-9538-4EFB-AB1D-A855A1AA716F}.Debug|Win32.ActiveCfg = Debug|Win32
		{867213B4-9538-4EFB-AB1D-A855A1AA716F}.Debug|Win32.Build.0 = Debug|Win32
		{867213B4-9538-4EFB-AB1D-A855A1AA716F}.Release|Win32.ActiveCfg = Release|Win32
		{867213B4-9538-4EFB-AB1D-A855A1AA716F}.Release|Win32.Build.0 = Release|Win32
		{6C5C8AFE-2270-425C-BF22-BE3FDC6BB723}.Debug|Win32.ActiveCfg = Debug|Win32
		{6C5C8AFE-2270-425C-BF22-BE3FDC6BB723}.Debug|Win32.Build.0 = Debug|Win32
		{6C5C8AFE-2270-425C-BF22-BE3FDC6BB723}.Release|Win32.ActiveCfg = Release|Win32
		{6C5C8AFE-2270-425C-BF22-BE3FDC6BB723}.Release|Win32.Build.0 = Release|Win32
		{7B9FC4AA-6EC7-44BC-A7AE-917B0B5631A6}.Debug|Win32.ActiveCfg = Debug|Win32
		{7B9FC4AA-6EC7-44BC-A7AE-917B0B5631A6}.Debug|Win32.Build.0 = Debug|Win32
		{7B9FC4AA-6EC7-44BC-A7AE-917B0B5631A6}.Release|Win32.ActiveCfg = Release|Win32
		{7B9FC4AA-6EC7-44BC-A7AE-917B0B5631A6}.Release|Win32.Build.0 = Release|Win32
		{F62D5130-5B04-43FA-B35A-05E10D9FE6B8}.Debug|Win32.ActiveCfg = Debug|Win32
		{F62D5130-5B04-43FA-B35A-05E10D9FE6B8}.Debug|Win32.Build.0 = Debug|Win32
		{F62D5130-5B04-43FA-B35A-05E10D9FE6B8}.Release|Win32.ActiveCfg = Release|Win32
		{F62D5130-5B04-43FA-B35A-05E10D9FE6B8}.Release|Win32.Build.0 = Release|Win32
		{C5E91234-67CB-4B98-9533-40010D90D415}.Debug|Win32.ActiveCfg = Debug|Win32
		{C5E91234-67CB-4B98-9533-40010D90D415}.Debug|Win32.Build.0 = Debug|Win32
		{C5E91234-67CB-4B98-9533-40010D90D415}.Release|Win32.ActiveCfg = Release|Win32
		{C5E91234-67CB-4B98-9533-40010D90D415}.Release|Win32.Build.0 = Release|Win32
		{358F4209-61BF-4271-9B73-65DB22CF037B}.Debug|Win32.ActiveCfg = Debug|Win32
		{358F4209-61BF-4271-9B73-65DB22CF037B}.Debug|Win32.Build.0 = Debug|Win32
		{358F4209-61BF-4271-9B73-65DB22CF037B}.Release|Win32.ActiveCfg = Release|Win32
		{358F4209-61BF-4271-9B73-65DB22CF037B}.Release|Win32.Build.0 = Release|Win32
		{99E8B6A6-BAA4-440D-8B75-B300076564D3}.Debug|Win32.ActiveCfg = Debug|Win32
		{99E8B6A6-BAA4-440D-8B75-B300076564D3}.Debug|Win32.Build.0 = Debug|Win32
		{99E8B6A6-BAA4-440D-8B75-B300076564D3}.Release|Win32.ActiveCfg = Release|Win32
		{99E8B6A6-BAA4-440D-8B75-B300076564D3}.Release|Win32.Build.0 = Release|Win32
		{2B3B52A2-9DFD-4345-8E17-9E07DA3578B5}.Debug|Win32.ActiveCfg = Debug|Win32
		{2B3B52A2-9DFD-4345-8E17-9E07DA3578B5}.Debug|Win32.Build.0 = Debug|Win32
		{2B3B52A2-9DFD-4345-8E17-9E07DA3578B5}.Release|Win32.ActiveCfg = Release|Win32
		{2B3B52A2-9DFD-4345-8E17-9E07DA3578B5}.Release|Win32.Build.0 = Release|Win32
		{5B91D847-C476-419B-82F5-E7DEFB249706}.Debug|Win32.ActiveCfg = Debug|Win32
		{5B91D847-C476-419B-82F5-E7DEFB249706}.Debug|Win32.Build.0 = Debug|Win32
		{5B91D847-C476-419B-82F5-E7DEFB249706}.Release|Win32.ActiveCfg = Release|Win32
		{5B91D847-C476-419B-82F5-E7DEFB249706}.Release|Win32.Build.0 = Release|Win32
		{162AD29C-EB56-4CA0-AF87-EACCD5A536A7}.Debug|Win32.ActiveCfg = Debug|Win32
		{162AD29C-EB56-4CA0-AF87-EACCD5A536A7}.Debug|Win32.Build.0 = Debug|Win32
		{162AD29C-EB56-4CA0-AF87-EACCD5A536A7}.Release|Win32.ActiveCfg = Release|Win32
		{162AD29C-EB56-4CA0-AF87-EACCD5A536A7}.Release|Win32.Build.0 = Release|Win32
		{99B86524-F425-44B4-B36A-B76E20227F07}.Debug|Win32.ActiveCfg = Debug|Win32
		{99B86524-F425-44B4-B36A-B76E20227F07}.Debug|Win32.Build.0 = Debug|Win32
		{99B86524-F425-44B4-B36A-B76E20227F07}.Release|Win32.ActiveCfg = Release|Win32
		{99B86524-F425-44B4-B36A-B76E20227F07}.Release|Win32.Build.0 = Release|Win32
		{6732805A-BC45-4D55-AAC6-164A75D84406}.Debug|Win32.ActiveCfg = Debug|Win32
		{6732805A-BC45-4D55-AAC6-164A75D84406}.Debug|Win32.Build.0 = Debug|Win32
		{6732805A-BC45-4D55-AAC6-164A75D84406}.Release|Win32.ActiveCfg = Release|Win32
		{6732805A-BC45-4D55-AAC6-164A75D84406}.Release|Win32.Build.0 = Release|Win32
		{CBE3C56B-8167-4037-B331-9488BCA6B5D5}.Debug|Win32.ActiveCfg = Debug|Win32
		{CBE3C56B-8167-4037-B331-9488BCA6B5D5}.Debug|Win32.Build.0 = Debug|Win32
		{CBE3C56B-8167-4037-B331-9488BCA6B5D5}.Release|Win32.ActiveCfg = Release|Win32
		{CBE3C56B-8167-4037-B331-9488BCA6B5D5}.Release|Win32.Build.0 = Release|Win32
		{C86BA713-0517-41D8-93E4-C09BB1CA564A}.Debug|Win32.ActiveCfg = Debug|Win32
		{C86BA713-0517-41D8-93E4-C09BB1CA564A}.Debug|Win32.Build.0 = Debug|Win32
		{C86BA713-0517-41D8-93E4-C09BB1CA564A}.Release|Win32.ActiveCfg = Release|Win32
		{C86BA713-0517-41D8-93E4-C09BB1CA564A}.Release|Win32.Build.0 = Release|Win32
		{FDFDA359-377C-44C3-905A-7B30B1C56CD5}.Debug|Win32.ActiveCfg = Debug|Win32
		{FDFDA359-377C-44C3-905A-7B30B1C56CD5}.Debug|Win32.Build.0 = Debug|Win32
		{FDFDA359-377C-44C3-905A-7B30B1C56CD5}.Release|Win32.ActiveCfg = Release|Win32
		{FDFDA359-377C-44C3-905A-7B30B1C56CD5}.Release|Win32.Build.0 = Release|Win32
		{2242037F-6943-4054-B609-CBD2B37CF5E5}.Debug|Win32.ActiveCfg = Debug|Win32
		{2242037F-6943-4054-B609-CBD2B37CF5E5}.Debug|Win32.Build.0 = Debug|Win32
		{2242037F-6943-4054-B609-CBD2B37CF5E5}.Release|Win32.ActiveCfg = Release|Win32
		{2242037F-6943-4054-B609-CBD2B37CF5E5}.Release|Win32.Build.0 = Release|Win32
		{406253A0-795D-45C1-8842-2DF92586E985}.Debug|Win32.ActiveCfg = Debug|Win32
		{406253A0-795D-45C1-8842-2DF92586E985}.Debug|Win32.Build.0 = Debug|Win32
		{406253A0-795D-45C1-8842-2DF92586E985}.Release|Win32.ActiveCfg = Release|Win32
		{406253A0-795D-45C1-8842-2DF92586E985}.Release|Win32.Build.0 = Release|Win32
		{E9F08F27-DE3D-4CD9-A2DB-E8E2E92AB985}.Debug|Win32.ActiveCfg = Debug|Win32
		{E9F08F27-DE3D-4CD9-A2DB-E8E2E92AB985}.Debug|Win32.Build.0 = Debug|Win32
		{E9F08F27-DE3D-4CD9-A2DB-E8E2E92AB985}.Release|Win32.ActiveCfg = Release|Win32
		{E9F08F27-DE3D-4CD9-A2DB-E8E2E92AB985}.Release|Win32.Build.0 = Release|Win32
		{5DCB8363-F728-42CE-9905-305E7FD815CA}.Debug|Win32.ActiveCfg = Debug|Win32
		{5DCB8363-F728-42CE-9905-305E7FD815CA}.Debug|Win32.Build.0 = Debug|Win32
		{5DCB8363-F728-42CE-9905-305E7FD815CA}.Release|Win32.ActiveCfg = Release|Win32
		{5DCB8363-F728-42CE-9905-305E7FD815CA}.Release|Win32.Build.0 = Release|Win32
		{1B3EDFB3-9D1A-4A60-93E1-1CE83042854A}.Debug|Win32.ActiveCfg = Debug|Win32
		{1B3EDFB3-9D1A-4A60-93E1-1CE83042854A}.Debug|Win32.Build.0 = Debug|Win32
		{1B3EDFB3-9D1A-4A60-93E1-1CE83042854A}.Release|Win32.ActiveCfg = Release|Win32
		{1B3EDFB3-9D1A-4A60-93E1-1CE83042854A}.Release|Win32.Build.0 = Release|Win32
		{7A0AB4AE-EFF9-4EF1-A56C-465D168C7510}.Debug|Win32.ActiveCfg = Debug|Win32
		{7A0AB4AE-EFF9-4EF1-A56C-465D168C7510}.Debug|Win32.Build.0 = Debug|Win32
		{7A0AB4AE-EFF9-4EF1-A56C-465D168C7510}.Release|Win32.ActiveCfg = Release|Win32
		{7A0AB4AE-EFF9-4EF1-A56C-465D168C7510}.Release|Win32.Build.0 = Release|Win32
		{B8A87420-A1BE-4480-9959-74AE76357965}.Debug|Win32.ActiveCfg = Debug|Win32
		{B8A87420-A1BE-4480-9959-74AE76357965}.Debug|Win32.Build.0 = Debug|Win32
		{B8A87420-A1BE-4480-9959-74AE76357965}.Release|Win32.ActiveCfg = Release|Win32
		{B8A87420-A1BE-4480-9959-74AE76357965}.Release|Win32.Build.0 = Release|Win32
		{EF2496F7-EDF0-49ED-A8DD-E2C46E92D29A}.Debug|Win32.ActiveCfg = Debug|Win32
		{EF2496F7-EDF0-49ED-A8DD-E2C46E92D29A}.Debug|Win32.Build.0 = Debug|Win32
		{EF2496F7-EDF0-49ED-A8DD-E2C46E92D29A}.Release|Win32.ActiveCfg = Release|Win32
		{EF2496F7-EDF0-49ED-A8DD-E2C46E92D29A}.Release|Win32.Build.0 = Release|Win32
		{1CA960F9-4364-4497-BEE2-A351BC00CE12}.Debug|Win32.ActiveCfg = Debug|Win32
		{1CA960F9-4364-4497-BEE2-A351BC00CE12}.Debug|Win32.Build.0 = Debug|Win32
		{1CA960F9-4364-4497-BEE2-A351BC00CE12}.Release|Win32.ActiveCfg = Release|Win32
		{1CA960F9-4364-4497-BEE2-A351BC00CE12}.Release|Win32.Build.0 = Release|Win32
		{0340DA57-3A8F-4740-80D0-148AE21A3E8E}.Debug|Win32.ActiveCfg = Debug|Win32
		{0340DA57-3A8F-4740-80D0-148AE21A3E8E}.Debug|Win32.Build.0 = Debug|Win32
		{0340DA57-3A8F-4740-80D0-148AE21A3E8E}.Release|Win32.ActiveCfg = Release|Win32
		{0340DA57-3A8F-4740-80D0-148AE21A3E8E}.Release|Win32.Build.0 = Release|Win32
		{3B91F3B3-8478-44E5-8042-AC62B2BB7A86}.Debug|Win32.ActiveCfg = Debug|Win32
		{3B91F3B3-8478-44E5-8042-AC62B2BB7A86}.Debug|Win32.Build.0 = Debug|Win32
		{3B91F3B3-8478-44E5-8042-AC62B2BB7A86}.Release|Win32.ActiveCfg = Release|Win32
		{3B91F3B3-8478-44E5-8042-AC62B2BB7A86}.Release|Win32.Build.0 = Release|Win32
		{F3B6B456-0C67-4532-89BE-C0DC28862C2B}.Debug|Win32.ActiveCfg = Debug|Win32
		{F3B6B456-0C67-4532-89BE-C0DC28862C2B}.Debug|Win32.Build.0 = Debug|Win32
		{F3B6B456-0C67-4532-89BE-C0DC28862C2B}.Release|Win32.ActiveCfg = Release|Win32
		{F3B6B456-0C67-4532-89BE-C0DC28862C2B}.Release|Win32.Build.0 = Release|Win32
		{13395A45-68C0-4E92-83B9-AD5B5CE24FC8}.Debug|Win32.ActiveCfg = Debug|Win32
		{13395A45-68C0-4E92-83B9-AD5B5CE24FC8}.Debug|Win32.Build.0 = Debug|Win32
		{13395A45-68C0-4E92-83B9-AD5B5CE24FC8}.Release|Win32.ActiveCfg = Release|Win32
		{13395A45-68C0-4E92-83B9-AD5B5CE24FC8}.Release|Win32.Build.0 = Release|Win32
		{16E0113B-535D-445F-81CC-D0E7E1409434}.Debug|Win32.ActiveCfg = Debug|Win32
		{16E0113B-535D-445F-81CC-D0E7E1409434}.Debug|Win32.Build.0 = Debug|Win32
		{16E0113B-535D-445F-81CC-D0E7E1409434}.Release|Win32.ActiveCfg = Release|Win32
		{16E0113B-535D-445F-81CC-D0E7E1409434}.Release|Win32.Build.0 = Release|Win32
		{A7A8F9B2-23B8-48AC-AA87-1DF0E0964989}.Debug|Win32.ActiveCfg = Debug|Win32
		{A7A8F9B2-23B8-48AC-AA87-1DF0E0964989}.Debug|Win32.Build.0 = Debug|Win32
		{A7A8F9B2-23B8-48AC-AA87-1DF0E0964989}.Release|Win32.ActiveCfg = Release|Win32
		{A7A8F9B2-23B8-48AC-AA87-1DF0E0964989}.Release|Win32.Build.0 = Release|Win32
		{A1EE5543-89B7-4F21-9674-59E59D1C550F}.Debug|Win32.ActiveCfg = Debug|Win32
		{A1EE5543-89B7-4F21-9674-59E59D1C550F}.Debug|Win32.Build.0 = Debug|Win32
		{A1EE5543-89B7-4F21-9674-59E59D1C550F}.Release|Win32.ActiveCfg = Release|Win32
		{A1EE5543-89B7-4F21-9674-59E59D1C550F}.Release|Win32.Build.0 = Release|Win32
		{78C5EEC3-BF32-4CD5-B27F-59DF8CE23365}.Debug|Win32.ActiveCfg = Debug|Win32
		{78C5EEC3-BF32-4CD5-B27F-59DF8CE23365}.Debug|Win32.Build.0 = Debug|Win32
		{78C5EEC3-BF32-4CD5-B27F-59DF8CE23365}.Release|Win32.ActiveCfg = Release|Win32
		{78C5EEC3-BF32-4CD5-B27F-59DF8CE23365}.Release|Win32.Build.0 = Release|Win32
		{03B9FB52-C7C2-4A7C-B910-D2B1EBE2C6E1}.Debug|Win32.ActiveCfg = Debug|Win32
		{03B9FB52-C7C2-4A7C-B910-D2B1EBE2C6E1}.Debug|Win32.Build.0 = Debug|Win32
		{03B9FB52-C7C2-4A7C-B910-D2B1EBE2C6E1}.Release|Win32.ActiveCfg = Release|Win32
		{03B9FB52-C7C2-4A7C-B910-D2B1EBE2C6E1}.Release|Win32.Build.0 = Release|Win32
		{58906D25-3895-47BE-9657-B9F68B2C1684}.Debug|Win32.ActiveCfg = Debug|Win32
		{58906D25-3895-47BE-9657-B9F68B2C1684}.Debug|Win32.Build.0 = Debug|Win32
		{58906D25-3895-47BE-9657-B9F68B2C1684}.Release|Win32.ActiveCfg = Release|Win32
		{58906D25-3895-47BE-9657-B9F68B2C1684}.Release|Win32.Build.0 = Release|Win32
	EndGlobalSection
	GlobalSection(SolutionProperties) = preSolution
		HideSolutionNode = FALSE
	EndGlobalSection
	GlobalSection(NestedProjects) = preSolution
		{90DAA0BE-7DC9-4D74-B1CB-E93ABF702140} = {969402F9-56B0-4CA0-B515-515DEDA859E7}
	EndGlobalSection
EndGlobal
